version = 1
requires-python = ">=3.8"

[[package]]
name = "attrs"
version = "24.2.0"
source = { registry = "https://pypi.org/simple" }
sdist = { url = "https://files.pythonhosted.org/packages/fc/0f/aafca9af9315aee06a89ffde799a10a582fe8de76c563ee80bbcdc08b3fb/attrs-24.2.0.tar.gz", hash = "sha256:5cfb1b9148b5b086569baec03f20d7b6bf3bcacc9a42bebf87ffaaca362f6346", size = 792678 }
wheels = [
    { url = "https://files.pythonhosted.org/packages/6a/21/5b6702a7f963e95456c0de2d495f67bf5fd62840ac655dc451586d23d39a/attrs-24.2.0-py3-none-any.whl", hash = "sha256:81921eb96de3191c8258c199618104dd27ac608d9366f5e35d011eae1867ede2", size = 63001 },
]

[[package]]
name = "bibtexparser"
version = "1.4.1"
source = { registry = "https://pypi.org/simple" }
dependencies = [
    { name = "pyparsing" },
]
sdist = { url = "https://files.pythonhosted.org/packages/25/06/f710a276e4e018b02fe17b39313629213a43c365401179bc437e0ab24425/bibtexparser-1.4.1.tar.gz", hash = "sha256:e00e29e24676c4808e0b4333b37bb55cca9cbb7871a56f63058509281588d789", size = 55102 }

[[package]]
name = "bibx"
version = "0.1.1"
source = { editable = "." }
dependencies = [
    { name = "bibtexparser" },
    { name = "networkx" },
    { name = "typer", extra = ["all"] },
    { name = "xlsxwriter" },
]

[package.optional-dependencies]
dev = [
    { name = "mypy" },
    { name = "pre-commit" },
    { name = "pytest" },
    { name = "ruff" },
]

[package.metadata]
requires-dist = [
    { name = "bibtexparser", specifier = "~=1.4.0" },
    { name = "mypy", marker = "extra == 'dev'", specifier = "~=1.9.0" },
    { name = "networkx", specifier = "~=3.0" },
    { name = "pre-commit", marker = "extra == 'dev'", specifier = "~=2.20.0" },
    { name = "pytest", marker = "extra == 'dev'", specifier = "~=7.2.0" },
    { name = "ruff", marker = "extra == 'dev'", specifier = "~=0.3.3" },
    { name = "typer", extras = ["all"], specifier = "~=0.9.0" },
    { name = "xlsxwriter", specifier = "~=3.2.0" },
]

[[package]]
name = "cfgv"
version = "3.4.0"
source = { registry = "https://pypi.org/simple" }
sdist = { url = "https://files.pythonhosted.org/packages/11/74/539e56497d9bd1d484fd863dd69cbbfa653cd2aa27abfe35653494d85e94/cfgv-3.4.0.tar.gz", hash = "sha256:e52591d4c5f5dead8e0f673fb16db7949d2cfb3f7da4582893288f0ded8fe560", size = 7114 }
wheels = [
    { url = "https://files.pythonhosted.org/packages/c5/55/51844dd50c4fc7a33b653bfaba4c2456f06955289ca770a5dbd5fd267374/cfgv-3.4.0-py2.py3-none-any.whl", hash = "sha256:b7265b1f29fd3316bfcd2b330d63d024f2bfd8bcb8b0272f8e19a504856c48f9", size = 7249 },
]

[[package]]
name = "click"
version = "8.1.7"
source = { registry = "https://pypi.org/simple" }
dependencies = [
    { name = "colorama", marker = "platform_system == 'Windows'" },
]
sdist = { url = "https://files.pythonhosted.org/packages/96/d3/f04c7bfcf5c1862a2a5b845c6b2b360488cf47af55dfa79c98f6a6bf98b5/click-8.1.7.tar.gz", hash = "sha256:ca9853ad459e787e2192211578cc907e7594e294c7ccc834310722b41b9ca6de", size = 336121 }
wheels = [
    { url = "https://files.pythonhosted.org/packages/00/2e/d53fa4befbf2cfa713304affc7ca780ce4fc1fd8710527771b58311a3229/click-8.1.7-py3-none-any.whl", hash = "sha256:ae74fb96c20a0277a1d615f1e4d73c8414f5a98db8b799a7931d1582f3390c28", size = 97941 },
]

[[package]]
name = "colorama"
version = "0.4.6"
source = { registry = "https://pypi.org/simple" }
sdist = { url = "https://files.pythonhosted.org/packages/d8/53/6f443c9a4a8358a93a6792e2acffb9d9d5cb0a5cfd8802644b7b1c9a02e4/colorama-0.4.6.tar.gz", hash = "sha256:08695f5cb7ed6e0531a20572697297273c47b8cae5a63ffc6d6ed5c201be6e44", size = 27697 }
wheels = [
    { url = "https://files.pythonhosted.org/packages/d1/d6/3965ed04c63042e047cb6a3e6ed1a63a35087b6a609aa3a15ed8ac56c221/colorama-0.4.6-py2.py3-none-any.whl", hash = "sha256:4f1d9991f5acc0ca119f9d443620b77f9d6b33703e51011c16baf57afb285fc6", size = 25335 },
]

[[package]]
name = "distlib"
version = "0.3.8"
source = { registry = "https://pypi.org/simple" }
sdist = { url = "https://files.pythonhosted.org/packages/c4/91/e2df406fb4efacdf46871c25cde65d3c6ee5e173b7e5a4547a47bae91920/distlib-0.3.8.tar.gz", hash = "sha256:1530ea13e350031b6312d8580ddb6b27a104275a31106523b8f123787f494f64", size = 609931 }
wheels = [
    { url = "https://files.pythonhosted.org/packages/8e/41/9307e4f5f9976bc8b7fea0b66367734e8faf3ec84bc0d412d8cfabbb66cd/distlib-0.3.8-py2.py3-none-any.whl", hash = "sha256:034db59a0b96f8ca18035f36290806a9a6e6bd9d1ff91e45a7f172eb17e51784", size = 468850 },
]

[[package]]
name = "exceptiongroup"
version = "1.2.2"
source = { registry = "https://pypi.org/simple" }
sdist = { url = "https://files.pythonhosted.org/packages/09/35/2495c4ac46b980e4ca1f6ad6db102322ef3ad2410b79fdde159a4b0f3b92/exceptiongroup-1.2.2.tar.gz", hash = "sha256:47c2edf7c6738fafb49fd34290706d1a1a2f4d1c6df275526b62cbb4aa5393cc", size = 28883 }
wheels = [
    { url = "https://files.pythonhosted.org/packages/02/cc/b7e31358aac6ed1ef2bb790a9746ac2c69bcb3c8588b41616914eb106eaf/exceptiongroup-1.2.2-py3-none-any.whl", hash = "sha256:3111b9d131c238bec2f8f516e123e14ba243563fb135d3fe885990585aa7795b", size = 16453 },
]

[[package]]
name = "filelock"
version = "3.16.0"
source = { registry = "https://pypi.org/simple" }
sdist = { url = "https://files.pythonhosted.org/packages/e6/76/3981447fd369539aba35797db99a8e2ff7ed01d9aa63e9344a31658b8d81/filelock-3.16.0.tar.gz", hash = "sha256:81de9eb8453c769b63369f87f11131a7ab04e367f8d97ad39dc230daa07e3bec", size = 18008 }
wheels = [
    { url = "https://files.pythonhosted.org/packages/2f/95/f9310f35376024e1086c59cbb438d319fc9a4ef853289ce7c661539edbd4/filelock-3.16.0-py3-none-any.whl", hash = "sha256:f6ed4c963184f4c84dd5557ce8fece759a3724b37b80c6c4f20a2f63a4dc6609", size = 16170 },
]

[[package]]
name = "identify"
version = "2.6.0"
source = { registry = "https://pypi.org/simple" }
sdist = { url = "https://files.pythonhosted.org/packages/32/f4/8e8f7db397a7ce20fbdeac5f25adaf567fc362472432938d25556008e03a/identify-2.6.0.tar.gz", hash = "sha256:cb171c685bdc31bcc4c1734698736a7d5b6c8bf2e0c15117f4d469c8640ae5cf", size = 99116 }
wheels = [
    { url = "https://files.pythonhosted.org/packages/24/6c/a4f39abe7f19600b74528d0c717b52fff0b300bb0161081510d39c53cb00/identify-2.6.0-py2.py3-none-any.whl", hash = "sha256:e79ae4406387a9d300332b5fd366d8994f1525e8414984e1a59e058b2eda2dd0", size = 98962 },
]

[[package]]
name = "iniconfig"
version = "2.0.0"
source = { registry = "https://pypi.org/simple" }
sdist = { url = "https://files.pythonhosted.org/packages/d7/4b/cbd8e699e64a6f16ca3a8220661b5f83792b3017d0f79807cb8708d33913/iniconfig-2.0.0.tar.gz", hash = "sha256:2d91e135bf72d31a410b17c16da610a82cb55f6b0477d1a902134b24a455b8b3", size = 4646 }
wheels = [
    { url = "https://files.pythonhosted.org/packages/ef/a6/62565a6e1cf69e10f5727360368e451d4b7f58beeac6173dc9db836a5b46/iniconfig-2.0.0-py3-none-any.whl", hash = "sha256:b6a85871a79d2e3b22d2d1b94ac2824226a63c6b741c88f7ae975f18b6778374", size = 5892 },
]

[[package]]
name = "markdown-it-py"
version = "3.0.0"
source = { registry = "https://pypi.org/simple" }
dependencies = [
    { name = "mdurl" },
]
sdist = { url = "https://files.pythonhosted.org/packages/38/71/3b932df36c1a044d397a1f92d1cf91ee0a503d91e470cbd670aa66b07ed0/markdown-it-py-3.0.0.tar.gz", hash = "sha256:e3f60a94fa066dc52ec76661e37c851cb232d92f9886b15cb560aaada2df8feb", size = 74596 }
wheels = [
    { url = "https://files.pythonhosted.org/packages/42/d7/1ec15b46af6af88f19b8e5ffea08fa375d433c998b8a7639e76935c14f1f/markdown_it_py-3.0.0-py3-none-any.whl", hash = "sha256:355216845c60bd96232cd8d8c40e8f9765cc86f46880e43a8fd22dc1a1a8cab1", size = 87528 },
]

[[package]]
name = "mdurl"
version = "0.1.2"
source = { registry = "https://pypi.org/simple" }
sdist = { url = "https://files.pythonhosted.org/packages/d6/54/cfe61301667036ec958cb99bd3efefba235e65cdeb9c84d24a8293ba1d90/mdurl-0.1.2.tar.gz", hash = "sha256:bb413d29f5eea38f31dd4754dd7377d4465116fb207585f97bf925588687c1ba", size = 8729 }
wheels = [
    { url = "https://files.pythonhosted.org/packages/b3/38/89ba8ad64ae25be8de66a6d463314cf1eb366222074cfda9ee839c56a4b4/mdurl-0.1.2-py3-none-any.whl", hash = "sha256:84008a41e51615a49fc9966191ff91509e3c40b939176e643fd50a5c2196b8f8", size = 9979 },
]

[[package]]
name = "mypy"
version = "1.9.0"
source = { registry = "https://pypi.org/simple" }
dependencies = [
    { name = "mypy-extensions" },
    { name = "tomli", marker = "python_full_version < '3.11'" },
    { name = "typing-extensions" },
]
sdist = { url = "https://files.pythonhosted.org/packages/72/1e/a587a862c766a755a58b62d8c00aed11b74a15dc415c1bf5da7b607b0efd/mypy-1.9.0.tar.gz", hash = "sha256:3cc5da0127e6a478cddd906068496a97a7618a21ce9b54bde5bf7e539c7af974", size = 2995901 }
wheels = [
    { url = "https://files.pythonhosted.org/packages/1a/a7/0b180ef81daebabd6ef011f12ecd1ba4c0747aa8c460a8caf79f38789b90/mypy-1.9.0-cp310-cp310-macosx_10_9_x86_64.whl", hash = "sha256:f8a67616990062232ee4c3952f41c779afac41405806042a8126fe96e098419f", size = 10679966 },
    { url = "https://files.pythonhosted.org/packages/d0/41/87f727fdbb43a1f975df5fe5d038dad552440b1e5c21f999bce0d83fd847/mypy-1.9.0-cp310-cp310-macosx_11_0_arm64.whl", hash = "sha256:d357423fa57a489e8c47b7c85dfb96698caba13d66e086b412298a1a0ea3b0ed", size = 9841188 },
    { url = "https://files.pythonhosted.org/packages/e1/87/b508b34309359daa00e0e76d9a0dbe43031866af49b279861f69c76e5d70/mypy-1.9.0-cp310-cp310-manylinux_2_17_x86_64.manylinux2014_x86_64.whl", hash = "sha256:49c87c15aed320de9b438ae7b00c1ac91cd393c1b854c2ce538e2a72d55df150", size = 12546263 },
    { url = "https://files.pythonhosted.org/packages/3d/23/b4282a2b59b74a3bf4a16713491348f72d843e218a73a12399bc98754c48/mypy-1.9.0-cp310-cp310-musllinux_1_1_x86_64.whl", hash = "sha256:48533cdd345c3c2e5ef48ba3b0d3880b257b423e7995dada04248725c6f77374", size = 12611869 },
    { url = "https://files.pythonhosted.org/packages/16/2a/28f290537d1ad1d91d39a926d6bb862c4e333ee5bb410a75bc3be8da20d8/mypy-1.9.0-cp310-cp310-win_amd64.whl", hash = "sha256:4d3dbd346cfec7cb98e6cbb6e0f3c23618af826316188d587d1c1bc34f0ede03", size = 9227793 },
    { url = "https://files.pythonhosted.org/packages/6d/ce/c62c0c0d83b8a936ad6d5e0294e956e881acc5d680deb4929ea259fb50f6/mypy-1.9.0-cp311-cp311-macosx_10_9_x86_64.whl", hash = "sha256:653265f9a2784db65bfca694d1edd23093ce49740b2244cde583aeb134c008f3", size = 10605548 },
    { url = "https://files.pythonhosted.org/packages/da/e2/1864612774cf8a445f6d42ce73ce0f1492a37ed2af1c908e989f1ec7d349/mypy-1.9.0-cp311-cp311-macosx_11_0_arm64.whl", hash = "sha256:3a3c007ff3ee90f69cf0a15cbcdf0995749569b86b6d2f327af01fd1b8aee9dc", size = 9767399 },
    { url = "https://files.pythonhosted.org/packages/a1/81/97e8539d6cdcfb3a8ae7eb1438c6983a9fc434ef9664572bfa7fd285cab9/mypy-1.9.0-cp311-cp311-manylinux_2_17_x86_64.manylinux2014_x86_64.whl", hash = "sha256:2418488264eb41f69cc64a69a745fad4a8f86649af4b1041a4c64ee61fc61129", size = 12421347 },
    { url = "https://files.pythonhosted.org/packages/ef/cf/43c1e29b9d3b2bf6c75e32d021d7db4631c516e4c0bd72b75bc8836680d8/mypy-1.9.0-cp311-cp311-musllinux_1_1_x86_64.whl", hash = "sha256:68edad3dc7d70f2f17ae4c6c1b9471a56138ca22722487eebacfd1eb5321d612", size = 12490944 },
    { url = "https://files.pythonhosted.org/packages/59/56/a33d610a9cf692669690a89b54a6a920fd7c7ebcca00da2c36c9d975de8e/mypy-1.9.0-cp311-cp311-win_amd64.whl", hash = "sha256:85ca5fcc24f0b4aeedc1d02f93707bccc04733f21d41c88334c5482219b1ccb3", size = 9226854 },
    { url = "https://files.pythonhosted.org/packages/6e/96/40f0f605b1d4e2ad1fb11d21988ce3a3e205886c0fcbd35c9789a214de9a/mypy-1.9.0-cp312-cp312-macosx_10_9_x86_64.whl", hash = "sha256:aceb1db093b04db5cd390821464504111b8ec3e351eb85afd1433490163d60cd", size = 10725390 },
    { url = "https://files.pythonhosted.org/packages/d7/d2/072e40384b53051106b4fcf03537fb88e2a6ad0757d2ab7f6c8c2f188a69/mypy-1.9.0-cp312-cp312-macosx_11_0_arm64.whl", hash = "sha256:0235391f1c6f6ce487b23b9dbd1327b4ec33bb93934aa986efe8a9563d9349e6", size = 9731292 },
    { url = "https://files.pythonhosted.org/packages/85/a5/b7dc7eb69eda899fd07e71403b51b598a1f4df0f452d1da5844374082bcd/mypy-1.9.0-cp312-cp312-manylinux_2_17_x86_64.manylinux2014_x86_64.whl", hash = "sha256:d4d5ddc13421ba3e2e082a6c2d74c2ddb3979c39b582dacd53dd5d9431237185", size = 12455450 },
    { url = "https://files.pythonhosted.org/packages/1c/1b/3e962a201d2f0f57c9fa1990e0dd6076f4f2f94954ab56e4a701ec3cc070/mypy-1.9.0-cp312-cp312-musllinux_1_1_x86_64.whl", hash = "sha256:190da1ee69b427d7efa8aa0d5e5ccd67a4fb04038c380237a0d96829cb157913", size = 12530368 },
    { url = "https://files.pythonhosted.org/packages/72/1f/8b214b69d08cc5e4bd8c3769ac55a43318f3529362ea55e5957774b69924/mypy-1.9.0-cp312-cp312-win_amd64.whl", hash = "sha256:fe28657de3bfec596bbeef01cb219833ad9d38dd5393fc649f4b366840baefe6", size = 9319112 },
    { url = "https://files.pythonhosted.org/packages/cb/a3/c6d971f07b312117073ca77f006337fc8b074eb304bdd43fbf9971cacbb3/mypy-1.9.0-cp38-cp38-macosx_10_9_x86_64.whl", hash = "sha256:e54396d70be04b34f31d2edf3362c1edd023246c82f1730bbf8768c28db5361b", size = 10611796 },
    { url = "https://files.pythonhosted.org/packages/ee/2d/a081526f63444e6520dfcc0810326c44052b9d7e93d46549132f86b929e0/mypy-1.9.0-cp38-cp38-macosx_11_0_arm64.whl", hash = "sha256:5e6061f44f2313b94f920e91b204ec600982961e07a17e0f6cd83371cb23f5c2", size = 9797343 },
    { url = "https://files.pythonhosted.org/packages/c7/9f/a2cec898515478f69a5996eb9df74513dd1d9658e7e83fb224d3a0b2cf0f/mypy-1.9.0-cp38-cp38-manylinux_2_17_x86_64.manylinux2014_x86_64.whl", hash = "sha256:81a10926e5473c5fc3da8abb04119a1f5811a236dc3a38d92015cb1e6ba4cb9e", size = 12496477 },
    { url = "https://files.pythonhosted.org/packages/3c/95/352a56a3fb8373bde12c2f2a55fbdd643644033ac0294184c63ade3ab97b/mypy-1.9.0-cp38-cp38-musllinux_1_1_x86_64.whl", hash = "sha256:b685154e22e4e9199fc95f298661deea28aaede5ae16ccc8cbb1045e716b3e04", size = 12551215 },
    { url = "https://files.pythonhosted.org/packages/c1/b4/e408547993e1a9d7f69e99a808fc3ba6c28613c1f76e59367b6b0aef23c3/mypy-1.9.0-cp38-cp38-win_amd64.whl", hash = "sha256:5d741d3fc7c4da608764073089e5f58ef6352bedc223ff58f2f038c2c4698a89", size = 9208457 },
    { url = "https://files.pythonhosted.org/packages/d6/3f/213223cab830d9d593bb8764db51c00e528e6c20c2a48bb2f69e6dc3c003/mypy-1.9.0-cp39-cp39-macosx_10_9_x86_64.whl", hash = "sha256:587ce887f75dd9700252a3abbc9c97bbe165a4a630597845c61279cf32dfbf02", size = 10675018 },
    { url = "https://files.pythonhosted.org/packages/61/e9/d18add3d83a363fb890944c95de9bf7ac89dceb265edb2304a50099866ee/mypy-1.9.0-cp39-cp39-macosx_11_0_arm64.whl", hash = "sha256:f88566144752999351725ac623471661c9d1cd8caa0134ff98cceeea181789f4", size = 9839678 },
    { url = "https://files.pythonhosted.org/packages/d5/61/0433cb518d7f0eb1978834d23bcc178036e9629449cab9cecd2b2a46f0b3/mypy-1.9.0-cp39-cp39-manylinux_2_17_x86_64.manylinux2014_x86_64.whl", hash = "sha256:61758fabd58ce4b0720ae1e2fea5cfd4431591d6d590b197775329264f86311d", size = 12541931 },
    { url = "https://files.pythonhosted.org/packages/36/35/b5ca875ce1a1aa724916ea4bcb7cc0bb53fda2f135915426f8ea077c1984/mypy-1.9.0-cp39-cp39-musllinux_1_1_x86_64.whl", hash = "sha256:e49499be624dead83927e70c756970a0bc8240e9f769389cdf5714b0784ca6bf", size = 12609824 },
    { url = "https://files.pythonhosted.org/packages/8b/7c/f1c1e709a8a807ae68975f83ff95f325321df0a50664c644e521a2e2c180/mypy-1.9.0-cp39-cp39-win_amd64.whl", hash = "sha256:571741dc4194b4f82d344b15e8837e8c5fcc462d66d076748142327626a1b6e9", size = 9226476 },
    { url = "https://files.pythonhosted.org/packages/60/db/0ba2eaedca52bf5276275e8489951c26206030b3d31bf06f00875ae75d5d/mypy-1.9.0-py3-none-any.whl", hash = "sha256:a260627a570559181a9ea5de61ac6297aa5af202f06fd7ab093ce74e7181e43e", size = 2555887 },
]

[[package]]
name = "mypy-extensions"
version = "1.0.0"
source = { registry = "https://pypi.org/simple" }
sdist = { url = "https://files.pythonhosted.org/packages/98/a4/1ab47638b92648243faf97a5aeb6ea83059cc3624972ab6b8d2316078d3f/mypy_extensions-1.0.0.tar.gz", hash = "sha256:75dbf8955dc00442a438fc4d0666508a9a97b6bd41aa2f0ffe9d2f2725af0782", size = 4433 }
wheels = [
    { url = "https://files.pythonhosted.org/packages/2a/e2/5d3f6ada4297caebe1a2add3b126fe800c96f56dbe5d1988a2cbe0b267aa/mypy_extensions-1.0.0-py3-none-any.whl", hash = "sha256:4392f6c0eb8a5668a69e23d168ffa70f0be9ccfd32b5cc2d26a34ae5b844552d", size = 4695 },
]

[[package]]
name = "networkx"
version = "3.1"
source = { registry = "https://pypi.org/simple" }
sdist = { url = "https://files.pythonhosted.org/packages/fd/a1/47b974da1a73f063c158a1f4cc33ed0abf7c04f98a19050e80c533c31f0c/networkx-3.1.tar.gz", hash = "sha256:de346335408f84de0eada6ff9fafafff9bcda11f0a0dfaa931133debb146ab61", size = 2021691 }
wheels = [
    { url = "https://files.pythonhosted.org/packages/a8/05/9d4f9b78ead6b2661d6e8ea772e111fc4a9fbd866ad0c81906c11206b55e/networkx-3.1-py3-none-any.whl", hash = "sha256:4f33f68cb2afcf86f28a45f43efc27a9386b535d567d2127f8f61d51dec58d36", size = 2072251 },
]

[[package]]
name = "nodeenv"
version = "1.9.1"
source = { registry = "https://pypi.org/simple" }
sdist = { url = "https://files.pythonhosted.org/packages/43/16/fc88b08840de0e0a72a2f9d8c6bae36be573e475a6326ae854bcc549fc45/nodeenv-1.9.1.tar.gz", hash = "sha256:6ec12890a2dab7946721edbfbcd91f3319c6ccc9aec47be7c7e6b7011ee6645f", size = 47437 }
wheels = [
    { url = "https://files.pythonhosted.org/packages/d2/1d/1b658dbd2b9fa9c4c9f32accbfc0205d532c8c6194dc0f2a4c0428e7128a/nodeenv-1.9.1-py2.py3-none-any.whl", hash = "sha256:ba11c9782d29c27c70ffbdda2d7415098754709be8a7056d79a737cd901155c9", size = 22314 },
]

[[package]]
name = "packaging"
version = "24.1"
source = { registry = "https://pypi.org/simple" }
sdist = { url = "https://files.pythonhosted.org/packages/51/65/50db4dda066951078f0a96cf12f4b9ada6e4b811516bf0262c0f4f7064d4/packaging-24.1.tar.gz", hash = "sha256:026ed72c8ed3fcce5bf8950572258698927fd1dbda10a5e981cdf0ac37f4f002", size = 148788 }
wheels = [
    { url = "https://files.pythonhosted.org/packages/08/aa/cc0199a5f0ad350994d660967a8efb233fe0416e4639146c089643407ce6/packaging-24.1-py3-none-any.whl", hash = "sha256:5b8f2217dbdbd2f7f384c41c628544e6d52f2d0f53c6d0c3ea61aa5d1d7ff124", size = 53985 },
]

[[package]]
name = "platformdirs"
version = "4.3.2"
source = { registry = "https://pypi.org/simple" }
sdist = { url = "https://files.pythonhosted.org/packages/75/a0/d7cab8409cdc7d39b037c85ac46d92434fb6595432e069251b38e5c8dd0e/platformdirs-4.3.2.tar.gz", hash = "sha256:9e5e27a08aa095dd127b9f2e764d74254f482fef22b0970773bfba79d091ab8c", size = 21276 }
wheels = [
    { url = "https://files.pythonhosted.org/packages/da/8b/d497999c4017b80678017ddce745cf675489c110681ad3c84a55eddfd3e7/platformdirs-4.3.2-py3-none-any.whl", hash = "sha256:eb1c8582560b34ed4ba105009a4badf7f6f85768b30126f351328507b2beb617", size = 18417 },
]

[[package]]
name = "pluggy"
version = "1.5.0"
source = { registry = "https://pypi.org/simple" }
sdist = { url = "https://files.pythonhosted.org/packages/96/2d/02d4312c973c6050a18b314a5ad0b3210edb65a906f868e31c111dede4a6/pluggy-1.5.0.tar.gz", hash = "sha256:2cffa88e94fdc978c4c574f15f9e59b7f4201d439195c3715ca9e2486f1d0cf1", size = 67955 }
wheels = [
    { url = "https://files.pythonhosted.org/packages/88/5f/e351af9a41f866ac3f1fac4ca0613908d9a41741cfcf2228f4ad853b697d/pluggy-1.5.0-py3-none-any.whl", hash = "sha256:44e1ad92c8ca002de6377e165f3e0f1be63266ab4d554740532335b9d75ea669", size = 20556 },
]

[[package]]
name = "pre-commit"
version = "2.20.0"
source = { registry = "https://pypi.org/simple" }
dependencies = [
    { name = "cfgv" },
    { name = "identify" },
    { name = "nodeenv" },
    { name = "pyyaml" },
    { name = "toml" },
    { name = "virtualenv" },
]
sdist = { url = "https://files.pythonhosted.org/packages/1e/ba/8cf8b88d0e07588818de46877effc9971305541d9421bc6377b06639d135/pre_commit-2.20.0.tar.gz", hash = "sha256:a978dac7bc9ec0bcee55c18a277d553b0f419d259dadb4b9418ff2d00eb43959", size = 172951 }
wheels = [
    { url = "https://files.pythonhosted.org/packages/b2/6c/9ccb5213a3d9fd3f8c0fd69d207951901eaef86b7a1a69bcc478364d3072/pre_commit-2.20.0-py2.py3-none-any.whl", hash = "sha256:51a5ba7c480ae8072ecdb6933df22d2f812dc897d5fe848778116129a681aac7", size = 199485 },
]

[[package]]
name = "pygments"
version = "2.18.0"
source = { registry = "https://pypi.org/simple" }
sdist = { url = "https://files.pythonhosted.org/packages/8e/62/8336eff65bcbc8e4cb5d05b55faf041285951b6e80f33e2bff2024788f31/pygments-2.18.0.tar.gz", hash = "sha256:786ff802f32e91311bff3889f6e9a86e81505fe99f2735bb6d60ae0c5004f199", size = 4891905 }
wheels = [
    { url = "https://files.pythonhosted.org/packages/f7/3f/01c8b82017c199075f8f788d0d906b9ffbbc5a47dc9918a945e13d5a2bda/pygments-2.18.0-py3-none-any.whl", hash = "sha256:b8e6aca0523f3ab76fee51799c488e38782ac06eafcf95e7ba832985c8e7b13a", size = 1205513 },
]

[[package]]
name = "pyparsing"
version = "3.1.4"
source = { registry = "https://pypi.org/simple" }
sdist = { url = "https://files.pythonhosted.org/packages/83/08/13f3bce01b2061f2bbd582c9df82723de943784cf719a35ac886c652043a/pyparsing-3.1.4.tar.gz", hash = "sha256:f86ec8d1a83f11977c9a6ea7598e8c27fc5cddfa5b07ea2241edbbde1d7bc032", size = 900231 }
wheels = [
    { url = "https://files.pythonhosted.org/packages/e5/0c/0e3c05b1c87bb6a1c76d281b0f35e78d2d80ac91b5f8f524cebf77f51049/pyparsing-3.1.4-py3-none-any.whl", hash = "sha256:a6a7ee4235a3f944aa1fa2249307708f893fe5717dc603503c6c7969c070fb7c", size = 104100 },
]

[[package]]
name = "pytest"
version = "7.2.2"
source = { registry = "https://pypi.org/simple" }
dependencies = [
    { name = "attrs" },
    { name = "colorama", marker = "sys_platform == 'win32'" },
    { name = "exceptiongroup", marker = "python_full_version < '3.11'" },
    { name = "iniconfig" },
    { name = "packaging" },
    { name = "pluggy" },
    { name = "tomli", marker = "python_full_version < '3.11'" },
]
sdist = { url = "https://files.pythonhosted.org/packages/b9/29/311895d9cd3f003dd58e8fdea36dd895ba2da5c0c90601836f7de79f76fe/pytest-7.2.2.tar.gz", hash = "sha256:c99ab0c73aceb050f68929bc93af19ab6db0558791c6a0715723abe9d0ade9d4", size = 1320028 }
wheels = [
    { url = "https://files.pythonhosted.org/packages/b2/68/5321b5793bd506961bd40bdbdd0674e7de4fb873ee7cab33dd27283ad513/pytest-7.2.2-py3-none-any.whl", hash = "sha256:130328f552dcfac0b1cec75c12e3f005619dc5f874f0a06e8ff7263f0ee6225e", size = 317207 },
]

[[package]]
name = "pyyaml"
version = "6.0.2"
source = { registry = "https://pypi.org/simple" }
sdist = { url = "https://files.pythonhosted.org/packages/54/ed/79a089b6be93607fa5cdaedf301d7dfb23af5f25c398d5ead2525b063e17/pyyaml-6.0.2.tar.gz", hash = "sha256:d584d9ec91ad65861cc08d42e834324ef890a082e591037abe114850ff7bbc3e", size = 130631 }
wheels = [
    { url = "https://files.pythonhosted.org/packages/9b/95/a3fac87cb7158e231b5a6012e438c647e1a87f09f8e0d123acec8ab8bf71/PyYAML-6.0.2-cp310-cp310-macosx_10_9_x86_64.whl", hash = "sha256:0a9a2848a5b7feac301353437eb7d5957887edbf81d56e903999a75a3d743086", size = 184199 },
    { url = "https://files.pythonhosted.org/packages/c7/7a/68bd47624dab8fd4afbfd3c48e3b79efe09098ae941de5b58abcbadff5cb/PyYAML-6.0.2-cp310-cp310-macosx_11_0_arm64.whl", hash = "sha256:29717114e51c84ddfba879543fb232a6ed60086602313ca38cce623c1d62cfbf", size = 171758 },
    { url = "https://files.pythonhosted.org/packages/49/ee/14c54df452143b9ee9f0f29074d7ca5516a36edb0b4cc40c3f280131656f/PyYAML-6.0.2-cp310-cp310-manylinux_2_17_aarch64.manylinux2014_aarch64.whl", hash = "sha256:8824b5a04a04a047e72eea5cec3bc266db09e35de6bdfe34c9436ac5ee27d237", size = 718463 },
    { url = "https://files.pythonhosted.org/packages/4d/61/de363a97476e766574650d742205be468921a7b532aa2499fcd886b62530/PyYAML-6.0.2-cp310-cp310-manylinux_2_17_s390x.manylinux2014_s390x.whl", hash = "sha256:7c36280e6fb8385e520936c3cb3b8042851904eba0e58d277dca80a5cfed590b", size = 719280 },
    { url = "https://files.pythonhosted.org/packages/6b/4e/1523cb902fd98355e2e9ea5e5eb237cbc5f3ad5f3075fa65087aa0ecb669/PyYAML-6.0.2-cp310-cp310-manylinux_2_17_x86_64.manylinux2014_x86_64.whl", hash = "sha256:ec031d5d2feb36d1d1a24380e4db6d43695f3748343d99434e6f5f9156aaa2ed", size = 751239 },
    { url = "https://files.pythonhosted.org/packages/b7/33/5504b3a9a4464893c32f118a9cc045190a91637b119a9c881da1cf6b7a72/PyYAML-6.0.2-cp310-cp310-musllinux_1_1_aarch64.whl", hash = "sha256:936d68689298c36b53b29f23c6dbb74de12b4ac12ca6cfe0e047bedceea56180", size = 695802 },
    { url = "https://files.pythonhosted.org/packages/5c/20/8347dcabd41ef3a3cdc4f7b7a2aff3d06598c8779faa189cdbf878b626a4/PyYAML-6.0.2-cp310-cp310-musllinux_1_1_x86_64.whl", hash = "sha256:23502f431948090f597378482b4812b0caae32c22213aecf3b55325e049a6c68", size = 720527 },
    { url = "https://files.pythonhosted.org/packages/be/aa/5afe99233fb360d0ff37377145a949ae258aaab831bde4792b32650a4378/PyYAML-6.0.2-cp310-cp310-win32.whl", hash = "sha256:2e99c6826ffa974fe6e27cdb5ed0021786b03fc98e5ee3c5bfe1fd5015f42b99", size = 144052 },
    { url = "https://files.pythonhosted.org/packages/b5/84/0fa4b06f6d6c958d207620fc60005e241ecedceee58931bb20138e1e5776/PyYAML-6.0.2-cp310-cp310-win_amd64.whl", hash = "sha256:a4d3091415f010369ae4ed1fc6b79def9416358877534caf6a0fdd2146c87a3e", size = 161774 },
    { url = "https://files.pythonhosted.org/packages/f8/aa/7af4e81f7acba21a4c6be026da38fd2b872ca46226673c89a758ebdc4fd2/PyYAML-6.0.2-cp311-cp311-macosx_10_9_x86_64.whl", hash = "sha256:cc1c1159b3d456576af7a3e4d1ba7e6924cb39de8f67111c735f6fc832082774", size = 184612 },
    { url = "https://files.pythonhosted.org/packages/8b/62/b9faa998fd185f65c1371643678e4d58254add437edb764a08c5a98fb986/PyYAML-6.0.2-cp311-cp311-macosx_11_0_arm64.whl", hash = "sha256:1e2120ef853f59c7419231f3bf4e7021f1b936f6ebd222406c3b60212205d2ee", size = 172040 },
    { url = "https://files.pythonhosted.org/packages/ad/0c/c804f5f922a9a6563bab712d8dcc70251e8af811fce4524d57c2c0fd49a4/PyYAML-6.0.2-cp311-cp311-manylinux_2_17_aarch64.manylinux2014_aarch64.whl", hash = "sha256:5d225db5a45f21e78dd9358e58a98702a0302f2659a3c6cd320564b75b86f47c", size = 736829 },
    { url = "https://files.pythonhosted.org/packages/51/16/6af8d6a6b210c8e54f1406a6b9481febf9c64a3109c541567e35a49aa2e7/PyYAML-6.0.2-cp311-cp311-manylinux_2_17_s390x.manylinux2014_s390x.whl", hash = "sha256:5ac9328ec4831237bec75defaf839f7d4564be1e6b25ac710bd1a96321cc8317", size = 764167 },
    { url = "https://files.pythonhosted.org/packages/75/e4/2c27590dfc9992f73aabbeb9241ae20220bd9452df27483b6e56d3975cc5/PyYAML-6.0.2-cp311-cp311-manylinux_2_17_x86_64.manylinux2014_x86_64.whl", hash = "sha256:3ad2a3decf9aaba3d29c8f537ac4b243e36bef957511b4766cb0057d32b0be85", size = 762952 },
    { url = "https://files.pythonhosted.org/packages/9b/97/ecc1abf4a823f5ac61941a9c00fe501b02ac3ab0e373c3857f7d4b83e2b6/PyYAML-6.0.2-cp311-cp311-musllinux_1_1_aarch64.whl", hash = "sha256:ff3824dc5261f50c9b0dfb3be22b4567a6f938ccce4587b38952d85fd9e9afe4", size = 735301 },
    { url = "https://files.pythonhosted.org/packages/45/73/0f49dacd6e82c9430e46f4a027baa4ca205e8b0a9dce1397f44edc23559d/PyYAML-6.0.2-cp311-cp311-musllinux_1_1_x86_64.whl", hash = "sha256:797b4f722ffa07cc8d62053e4cff1486fa6dc094105d13fea7b1de7d8bf71c9e", size = 756638 },
    { url = "https://files.pythonhosted.org/packages/22/5f/956f0f9fc65223a58fbc14459bf34b4cc48dec52e00535c79b8db361aabd/PyYAML-6.0.2-cp311-cp311-win32.whl", hash = "sha256:11d8f3dd2b9c1207dcaf2ee0bbbfd5991f571186ec9cc78427ba5bd32afae4b5", size = 143850 },
    { url = "https://files.pythonhosted.org/packages/ed/23/8da0bbe2ab9dcdd11f4f4557ccaf95c10b9811b13ecced089d43ce59c3c8/PyYAML-6.0.2-cp311-cp311-win_amd64.whl", hash = "sha256:e10ce637b18caea04431ce14fabcf5c64a1c61ec9c56b071a4b7ca131ca52d44", size = 161980 },
    { url = "https://files.pythonhosted.org/packages/86/0c/c581167fc46d6d6d7ddcfb8c843a4de25bdd27e4466938109ca68492292c/PyYAML-6.0.2-cp312-cp312-macosx_10_9_x86_64.whl", hash = "sha256:c70c95198c015b85feafc136515252a261a84561b7b1d51e3384e0655ddf25ab", size = 183873 },
    { url = "https://files.pythonhosted.org/packages/a8/0c/38374f5bb272c051e2a69281d71cba6fdb983413e6758b84482905e29a5d/PyYAML-6.0.2-cp312-cp312-macosx_11_0_arm64.whl", hash = "sha256:ce826d6ef20b1bc864f0a68340c8b3287705cae2f8b4b1d932177dcc76721725", size = 173302 },
    { url = "https://files.pythonhosted.org/packages/c3/93/9916574aa8c00aa06bbac729972eb1071d002b8e158bd0e83a3b9a20a1f7/PyYAML-6.0.2-cp312-cp312-manylinux_2_17_aarch64.manylinux2014_aarch64.whl", hash = "sha256:1f71ea527786de97d1a0cc0eacd1defc0985dcf6b3f17bb77dcfc8c34bec4dc5", size = 739154 },
    { url = "https://files.pythonhosted.org/packages/95/0f/b8938f1cbd09739c6da569d172531567dbcc9789e0029aa070856f123984/PyYAML-6.0.2-cp312-cp312-manylinux_2_17_s390x.manylinux2014_s390x.whl", hash = "sha256:9b22676e8097e9e22e36d6b7bda33190d0d400f345f23d4065d48f4ca7ae0425", size = 766223 },
    { url = "https://files.pythonhosted.org/packages/b9/2b/614b4752f2e127db5cc206abc23a8c19678e92b23c3db30fc86ab731d3bd/PyYAML-6.0.2-cp312-cp312-manylinux_2_17_x86_64.manylinux2014_x86_64.whl", hash = "sha256:80bab7bfc629882493af4aa31a4cfa43a4c57c83813253626916b8c7ada83476", size = 767542 },
    { url = "https://files.pythonhosted.org/packages/d4/00/dd137d5bcc7efea1836d6264f049359861cf548469d18da90cd8216cf05f/PyYAML-6.0.2-cp312-cp312-musllinux_1_1_aarch64.whl", hash = "sha256:0833f8694549e586547b576dcfaba4a6b55b9e96098b36cdc7ebefe667dfed48", size = 731164 },
    { url = "https://files.pythonhosted.org/packages/c9/1f/4f998c900485e5c0ef43838363ba4a9723ac0ad73a9dc42068b12aaba4e4/PyYAML-6.0.2-cp312-cp312-musllinux_1_1_x86_64.whl", hash = "sha256:8b9c7197f7cb2738065c481a0461e50ad02f18c78cd75775628afb4d7137fb3b", size = 756611 },
    { url = "https://files.pythonhosted.org/packages/df/d1/f5a275fdb252768b7a11ec63585bc38d0e87c9e05668a139fea92b80634c/PyYAML-6.0.2-cp312-cp312-win32.whl", hash = "sha256:ef6107725bd54b262d6dedcc2af448a266975032bc85ef0172c5f059da6325b4", size = 140591 },
    { url = "https://files.pythonhosted.org/packages/0c/e8/4f648c598b17c3d06e8753d7d13d57542b30d56e6c2dedf9c331ae56312e/PyYAML-6.0.2-cp312-cp312-win_amd64.whl", hash = "sha256:7e7401d0de89a9a855c839bc697c079a4af81cf878373abd7dc625847d25cbd8", size = 156338 },
    { url = "https://files.pythonhosted.org/packages/ef/e3/3af305b830494fa85d95f6d95ef7fa73f2ee1cc8ef5b495c7c3269fb835f/PyYAML-6.0.2-cp313-cp313-macosx_10_13_x86_64.whl", hash = "sha256:efdca5630322a10774e8e98e1af481aad470dd62c3170801852d752aa7a783ba", size = 181309 },
    { url = "https://files.pythonhosted.org/packages/45/9f/3b1c20a0b7a3200524eb0076cc027a970d320bd3a6592873c85c92a08731/PyYAML-6.0.2-cp313-cp313-macosx_11_0_arm64.whl", hash = "sha256:50187695423ffe49e2deacb8cd10510bc361faac997de9efef88badc3bb9e2d1", size = 171679 },
    { url = "https://files.pythonhosted.org/packages/7c/9a/337322f27005c33bcb656c655fa78325b730324c78620e8328ae28b64d0c/PyYAML-6.0.2-cp313-cp313-manylinux_2_17_aarch64.manylinux2014_aarch64.whl", hash = "sha256:0ffe8360bab4910ef1b9e87fb812d8bc0a308b0d0eef8c8f44e0254ab3b07133", size = 733428 },
    { url = "https://files.pythonhosted.org/packages/a3/69/864fbe19e6c18ea3cc196cbe5d392175b4cf3d5d0ac1403ec3f2d237ebb5/PyYAML-6.0.2-cp313-cp313-manylinux_2_17_s390x.manylinux2014_s390x.whl", hash = "sha256:17e311b6c678207928d649faa7cb0d7b4c26a0ba73d41e99c4fff6b6c3276484", size = 763361 },
    { url = "https://files.pythonhosted.org/packages/04/24/b7721e4845c2f162d26f50521b825fb061bc0a5afcf9a386840f23ea19fa/PyYAML-6.0.2-cp313-cp313-manylinux_2_17_x86_64.manylinux2014_x86_64.whl", hash = "sha256:70b189594dbe54f75ab3a1acec5f1e3faa7e8cf2f1e08d9b561cb41b845f69d5", size = 759523 },
    { url = "https://files.pythonhosted.org/packages/2b/b2/e3234f59ba06559c6ff63c4e10baea10e5e7df868092bf9ab40e5b9c56b6/PyYAML-6.0.2-cp313-cp313-musllinux_1_1_aarch64.whl", hash = "sha256:41e4e3953a79407c794916fa277a82531dd93aad34e29c2a514c2c0c5fe971cc", size = 726660 },
    { url = "https://files.pythonhosted.org/packages/fe/0f/25911a9f080464c59fab9027482f822b86bf0608957a5fcc6eaac85aa515/PyYAML-6.0.2-cp313-cp313-musllinux_1_1_x86_64.whl", hash = "sha256:68ccc6023a3400877818152ad9a1033e3db8625d899c72eacb5a668902e4d652", size = 751597 },
    { url = "https://files.pythonhosted.org/packages/14/0d/e2c3b43bbce3cf6bd97c840b46088a3031085179e596d4929729d8d68270/PyYAML-6.0.2-cp313-cp313-win32.whl", hash = "sha256:bc2fa7c6b47d6bc618dd7fb02ef6fdedb1090ec036abab80d4681424b84c1183", size = 140527 },
    { url = "https://files.pythonhosted.org/packages/fa/de/02b54f42487e3d3c6efb3f89428677074ca7bf43aae402517bc7cca949f3/PyYAML-6.0.2-cp313-cp313-win_amd64.whl", hash = "sha256:8388ee1976c416731879ac16da0aff3f63b286ffdd57cdeb95f3f2e085687563", size = 156446 },
    { url = "https://files.pythonhosted.org/packages/74/d9/323a59d506f12f498c2097488d80d16f4cf965cee1791eab58b56b19f47a/PyYAML-6.0.2-cp38-cp38-macosx_10_9_x86_64.whl", hash = "sha256:24471b829b3bf607e04e88d79542a9d48bb037c2267d7927a874e6c205ca7e9a", size = 183218 },
    { url = "https://files.pythonhosted.org/packages/74/cc/20c34d00f04d785f2028737e2e2a8254e1425102e730fee1d6396f832577/PyYAML-6.0.2-cp38-cp38-manylinux_2_17_aarch64.manylinux2014_aarch64.whl", hash = "sha256:d7fded462629cfa4b685c5416b949ebad6cec74af5e2d42905d41e257e0869f5", size = 728067 },
    { url = "https://files.pythonhosted.org/packages/20/52/551c69ca1501d21c0de51ddafa8c23a0191ef296ff098e98358f69080577/PyYAML-6.0.2-cp38-cp38-manylinux_2_17_s390x.manylinux2014_s390x.whl", hash = "sha256:d84a1718ee396f54f3a086ea0a66d8e552b2ab2017ef8b420e92edbc841c352d", size = 757812 },
    { url = "https://files.pythonhosted.org/packages/fd/7f/2c3697bba5d4aa5cc2afe81826d73dfae5f049458e44732c7a0938baa673/PyYAML-6.0.2-cp38-cp38-manylinux_2_17_x86_64.manylinux2014_x86_64.whl", hash = "sha256:9056c1ecd25795207ad294bcf39f2db3d845767be0ea6e6a34d856f006006083", size = 746531 },
    { url = "https://files.pythonhosted.org/packages/8c/ab/6226d3df99900e580091bb44258fde77a8433511a86883bd4681ea19a858/PyYAML-6.0.2-cp38-cp38-musllinux_1_1_x86_64.whl", hash = "sha256:82d09873e40955485746739bcb8b4586983670466c23382c19cffecbf1fd8706", size = 800820 },
    { url = "https://files.pythonhosted.org/packages/a0/99/a9eb0f3e710c06c5d922026f6736e920d431812ace24aae38228d0d64b04/PyYAML-6.0.2-cp38-cp38-win32.whl", hash = "sha256:43fa96a3ca0d6b1812e01ced1044a003533c47f6ee8aca31724f78e93ccc089a", size = 145514 },
    { url = "https://files.pythonhosted.org/packages/75/8a/ee831ad5fafa4431099aa4e078d4c8efd43cd5e48fbc774641d233b683a9/PyYAML-6.0.2-cp38-cp38-win_amd64.whl", hash = "sha256:01179a4a8559ab5de078078f37e5c1a30d76bb88519906844fd7bdea1b7729ff", size = 162702 },
    { url = "https://files.pythonhosted.org/packages/65/d8/b7a1db13636d7fb7d4ff431593c510c8b8fca920ade06ca8ef20015493c5/PyYAML-6.0.2-cp39-cp39-macosx_10_9_x86_64.whl", hash = "sha256:688ba32a1cffef67fd2e9398a2efebaea461578b0923624778664cc1c914db5d", size = 184777 },
    { url = "https://files.pythonhosted.org/packages/0a/02/6ec546cd45143fdf9840b2c6be8d875116a64076218b61d68e12548e5839/PyYAML-6.0.2-cp39-cp39-macosx_11_0_arm64.whl", hash = "sha256:a8786accb172bd8afb8be14490a16625cbc387036876ab6ba70912730faf8e1f", size = 172318 },
    { url = "https://files.pythonhosted.org/packages/0e/9a/8cc68be846c972bda34f6c2a93abb644fb2476f4dcc924d52175786932c9/PyYAML-6.0.2-cp39-cp39-manylinux_2_17_aarch64.manylinux2014_aarch64.whl", hash = "sha256:d8e03406cac8513435335dbab54c0d385e4a49e4945d2909a581c83647ca0290", size = 720891 },
    { url = "https://files.pythonhosted.org/packages/e9/6c/6e1b7f40181bc4805e2e07f4abc10a88ce4648e7e95ff1abe4ae4014a9b2/PyYAML-6.0.2-cp39-cp39-manylinux_2_17_s390x.manylinux2014_s390x.whl", hash = "sha256:f753120cb8181e736c57ef7636e83f31b9c0d1722c516f7e86cf15b7aa57ff12", size = 722614 },
    { url = "https://files.pythonhosted.org/packages/3d/32/e7bd8535d22ea2874cef6a81021ba019474ace0d13a4819c2a4bce79bd6a/PyYAML-6.0.2-cp39-cp39-manylinux_2_17_x86_64.manylinux2014_x86_64.whl", hash = "sha256:3b1fdb9dc17f5a7677423d508ab4f243a726dea51fa5e70992e59a7411c89d19", size = 737360 },
    { url = "https://files.pythonhosted.org/packages/d7/12/7322c1e30b9be969670b672573d45479edef72c9a0deac3bb2868f5d7469/PyYAML-6.0.2-cp39-cp39-musllinux_1_1_aarch64.whl", hash = "sha256:0b69e4ce7a131fe56b7e4d770c67429700908fc0752af059838b1cfb41960e4e", size = 699006 },
    { url = "https://files.pythonhosted.org/packages/82/72/04fcad41ca56491995076630c3ec1e834be241664c0c09a64c9a2589b507/PyYAML-6.0.2-cp39-cp39-musllinux_1_1_x86_64.whl", hash = "sha256:a9f8c2e67970f13b16084e04f134610fd1d374bf477b17ec1599185cf611d725", size = 723577 },
    { url = "https://files.pythonhosted.org/packages/ed/5e/46168b1f2757f1fcd442bc3029cd8767d88a98c9c05770d8b420948743bb/PyYAML-6.0.2-cp39-cp39-win32.whl", hash = "sha256:6395c297d42274772abc367baaa79683958044e5d3835486c16da75d2a694631", size = 144593 },
    { url = "https://files.pythonhosted.org/packages/19/87/5124b1c1f2412bb95c59ec481eaf936cd32f0fe2a7b16b97b81c4c017a6a/PyYAML-6.0.2-cp39-cp39-win_amd64.whl", hash = "sha256:39693e1f8320ae4f43943590b49779ffb98acb81f788220ea932a6b6c51004d8", size = 162312 },
]

[[package]]
name = "rich"
version = "13.8.1"
source = { registry = "https://pypi.org/simple" }
dependencies = [
    { name = "markdown-it-py" },
    { name = "pygments" },
    { name = "typing-extensions", marker = "python_full_version < '3.9'" },
]
sdist = { url = "https://files.pythonhosted.org/packages/92/76/40f084cb7db51c9d1fa29a7120717892aeda9a7711f6225692c957a93535/rich-13.8.1.tar.gz", hash = "sha256:8260cda28e3db6bf04d2d1ef4dbc03ba80a824c88b0e7668a0f23126a424844a", size = 222080 }
wheels = [
    { url = "https://files.pythonhosted.org/packages/b0/11/dadb85e2bd6b1f1ae56669c3e1f0410797f9605d752d68fb47b77f525b31/rich-13.8.1-py3-none-any.whl", hash = "sha256:1760a3c0848469b97b558fc61c85233e3dafb69c7a071b4d60c38099d3cd4c06", size = 241608 },
]

[[package]]
name = "ruff"
version = "0.3.7"
source = { registry = "https://pypi.org/simple" }
sdist = { url = "https://files.pythonhosted.org/packages/ba/6a/5cdb9e5ae04210ddc5b7b6cf31aeca50654de595e73e59961ce1a662656c/ruff-0.3.7.tar.gz", hash = "sha256:d5c1aebee5162c2226784800ae031f660c350e7a3402c4d1f8ea4e97e232e3ba", size = 2164419 }
wheels = [
    { url = "https://files.pythonhosted.org/packages/c5/59/8416cddfcc65b710d79374358a81632f2c4810326e8391d5a3c23f1cc422/ruff-0.3.7-py3-none-macosx_10_12_x86_64.macosx_11_0_arm64.macosx_10_12_universal2.whl", hash = "sha256:0e8377cccb2f07abd25e84fc5b2cbe48eeb0fea9f1719cad7caedb061d70e5ce", size = 16845547 },
    { url = "https://files.pythonhosted.org/packages/94/db/79298ddaddad3ddb7799fe995d508c49c5f83dbcc1a0f88d672105776906/ruff-0.3.7-py3-none-macosx_10_12_x86_64.whl", hash = "sha256:15a4d1cc1e64e556fa0d67bfd388fed416b7f3b26d5d1c3e7d192c897e39ba4b", size = 8634118 },
    { url = "https://files.pythonhosted.org/packages/00/5c/bea349c531f50b8462470b49e5eff11a860f63b2796d8643d4e4e0722b64/ruff-0.3.7-py3-none-manylinux_2_17_aarch64.manylinux2014_aarch64.whl", hash = "sha256:d28bdf3d7dc71dd46929fafeec98ba89b7c3550c3f0978e36389b5631b793663", size = 8282193 },
    { url = "https://files.pythonhosted.org/packages/c2/5d/62593a1ec896c07a497fb653fa269595772abc15ce8306d6edda94aa3b54/ruff-0.3.7-py3-none-manylinux_2_17_armv7l.manylinux2014_armv7l.whl", hash = "sha256:379b67d4f49774ba679593b232dcd90d9e10f04d96e3c8ce4a28037ae473f7bb", size = 7655584 },
    { url = "https://files.pythonhosted.org/packages/b7/b9/00ecf95ea51f82ab68430851d13266a892c60a23c5058604494d5e474bbf/ruff-0.3.7-py3-none-manylinux_2_17_i686.manylinux2014_i686.whl", hash = "sha256:c060aea8ad5ef21cdfbbe05475ab5104ce7827b639a78dd55383a6e9895b7c51", size = 8843361 },
    { url = "https://files.pythonhosted.org/packages/83/bb/94d0d8f9ae71f6a5384ed6bc2dfd3fd651148604b4aaec9bd44d0754ba1c/ruff-0.3.7-py3-none-manylinux_2_17_ppc64.manylinux2014_ppc64.whl", hash = "sha256:ebf8f615dde968272d70502c083ebf963b6781aacd3079081e03b32adfe4d58a", size = 9591014 },
    { url = "https://files.pythonhosted.org/packages/d0/3e/df5317d2f3915cac6a34a88cfd7a7bf7ba8d96cb92b9acd42414ac0738fc/ruff-0.3.7-py3-none-manylinux_2_17_ppc64le.manylinux2014_ppc64le.whl", hash = "sha256:d48098bd8f5c38897b03604f5428901b65e3c97d40b3952e38637b5404b739a2", size = 9277992 },
    { url = "https://files.pythonhosted.org/packages/4c/5a/202bae9d5af45ea2a49f21998dc7f6a8cc0cc7269540043f6cba5dd45cdc/ruff-0.3.7-py3-none-manylinux_2_17_s390x.manylinux2014_s390x.whl", hash = "sha256:da8a4fda219bf9024692b1bc68c9cff4b80507879ada8769dc7e985755d662ea", size = 10179960 },
    { url = "https://files.pythonhosted.org/packages/99/b2/4b0796f93d8bd7188e47c198407f2999579599cd5a11e1ed8a66ee18b4ac/ruff-0.3.7-py3-none-manylinux_2_17_x86_64.manylinux2014_x86_64.whl", hash = "sha256:6c44e0149f1d8b48c4d5c33d88c677a4aa22fd09b1683d6a7ff55b816b5d074f", size = 8853914 },
    { url = "https://files.pythonhosted.org/packages/02/ae/7533335b669fa879d5a36d7bb7c3cdc96b4e7d49e9da71218d3bd0a24852/ruff-0.3.7-py3-none-musllinux_1_2_aarch64.whl", hash = "sha256:3050ec0af72b709a62ecc2aca941b9cd479a7bf2b36cc4562f0033d688e44fa1", size = 8177020 },
    { url = "https://files.pythonhosted.org/packages/a8/55/92a6099ea0e49d500199bc169d83158719f9bf2e1b87f5a1b53210ba74d8/ruff-0.3.7-py3-none-musllinux_1_2_armv7l.whl", hash = "sha256:a29cc38e4c1ab00da18a3f6777f8b50099d73326981bb7d182e54a9a21bb4ff7", size = 7646460 },
    { url = "https://files.pythonhosted.org/packages/2f/3e/7370e849c14a8461aee6c4f0c87a784f3f2a96ac542c1056fae982cd0504/ruff-0.3.7-py3-none-musllinux_1_2_i686.whl", hash = "sha256:5b15cc59c19edca917f51b1956637db47e200b0fc5e6e1878233d3a938384b0b", size = 8446755 },
    { url = "https://files.pythonhosted.org/packages/3a/5e/acae79c630de116212cd4c3346a80f34fe2b421270fa76640cf1756a62e9/ruff-0.3.7-py3-none-musllinux_1_2_x86_64.whl", hash = "sha256:e491045781b1e38b72c91247cf4634f040f8d0cb3e6d3d64d38dcf43616650b4", size = 8899196 },
    { url = "https://files.pythonhosted.org/packages/d3/27/05d3398f0f00742201518c3362d0046ef3a03a50a6c1f1632e9cf36f9a9e/ruff-0.3.7-py3-none-win32.whl", hash = "sha256:bc931de87593d64fad3a22e201e55ad76271f1d5bfc44e1a1887edd0903c7d9f", size = 7766434 },
    { url = "https://files.pythonhosted.org/packages/d6/f4/cdc6a5350ce8c9741f3a79ceca912045204adf20e0b4222632664b3cbd1e/ruff-0.3.7-py3-none-win_amd64.whl", hash = "sha256:5ef0e501e1e39f35e03c2acb1d1238c595b8bb36cf7a170e7c1df1b73da00e74", size = 8650055 },
    { url = "https://files.pythonhosted.org/packages/20/02/8ec400f495308b4a3833f34d344ccc853ebace7ea6dfd886813c2a6de3d8/ruff-0.3.7-py3-none-win_arm64.whl", hash = "sha256:789e144f6dc7019d1f92a812891c645274ed08af6037d11fc65fcbc183b7d59f", size = 8213066 },
]

[[package]]
name = "shellingham"
version = "1.5.4"
source = { registry = "https://pypi.org/simple" }
sdist = { url = "https://files.pythonhosted.org/packages/58/15/8b3609fd3830ef7b27b655beb4b4e9c62313a4e8da8c676e142cc210d58e/shellingham-1.5.4.tar.gz", hash = "sha256:8dbca0739d487e5bd35ab3ca4b36e11c4078f3a234bfce294b0a0291363404de", size = 10310 }
wheels = [
    { url = "https://files.pythonhosted.org/packages/e0/f9/0595336914c5619e5f28a1fb793285925a8cd4b432c9da0a987836c7f822/shellingham-1.5.4-py2.py3-none-any.whl", hash = "sha256:7ecfff8f2fd72616f7481040475a65b2bf8af90a56c89140852d1120324e8686", size = 9755 },
]

[[package]]
name = "toml"
version = "0.10.2"
source = { registry = "https://pypi.org/simple" }
sdist = { url = "https://files.pythonhosted.org/packages/be/ba/1f744cdc819428fc6b5084ec34d9b30660f6f9daaf70eead706e3203ec3c/toml-0.10.2.tar.gz", hash = "sha256:b3bda1d108d5dd99f4a20d24d9c348e91c4db7ab1b749200bded2f839ccbe68f", size = 22253 }
wheels = [
    { url = "https://files.pythonhosted.org/packages/44/6f/7120676b6d73228c96e17f1f794d8ab046fc910d781c8d151120c3f1569e/toml-0.10.2-py2.py3-none-any.whl", hash = "sha256:806143ae5bfb6a3c6e736a764057db0e6a0e05e338b5630894a5f779cabb4f9b", size = 16588 },
]

[[package]]
name = "tomli"
version = "2.0.1"
source = { registry = "https://pypi.org/simple" }
sdist = { url = "https://files.pythonhosted.org/packages/c0/3f/d7af728f075fb08564c5949a9c95e44352e23dee646869fa104a3b2060a3/tomli-2.0.1.tar.gz", hash = "sha256:de526c12914f0c550d15924c62d72abc48d6fe7364aa87328337a31007fe8a4f", size = 15164 }
wheels = [
    { url = "https://files.pythonhosted.org/packages/97/75/10a9ebee3fd790d20926a90a2547f0bf78f371b2f13aa822c759680ca7b9/tomli-2.0.1-py3-none-any.whl", hash = "sha256:939de3e7a6161af0c887ef91b7d41a53e7c5a1ca976325f429cb46ea9bc30ecc", size = 12757 },
]

[[package]]
name = "typer"
version = "0.9.4"
source = { registry = "https://pypi.org/simple" }
dependencies = [
    { name = "click" },
    { name = "typing-extensions" },
]
sdist = { url = "https://files.pythonhosted.org/packages/e9/7d/b1e0399aa5e27071f0042784681d28417f3e526c61f62c8e3635ee5ad334/typer-0.9.4.tar.gz", hash = "sha256:f714c2d90afae3a7929fcd72a3abb08df305e1ff61719381384211c4070af57f", size = 276061 }
wheels = [
    { url = "https://files.pythonhosted.org/packages/62/39/82c9d3e10979851847361d922a373bdfef4091020da7f893acfaf07c0225/typer-0.9.4-py3-none-any.whl", hash = "sha256:aa6c4a4e2329d868b80ecbaf16f807f2b54e192209d7ac9dd42691d63f7a54eb", size = 45973 },
]

[package.optional-dependencies]
all = [
    { name = "colorama" },
    { name = "rich" },
    { name = "shellingham" },
]

[[package]]
name = "typing-extensions"
version = "4.12.2"
source = { registry = "https://pypi.org/simple" }
sdist = { url = "https://files.pythonhosted.org/packages/df/db/f35a00659bc03fec321ba8bce9420de607a1d37f8342eee1863174c69557/typing_extensions-4.12.2.tar.gz", hash = "sha256:1a7ead55c7e559dd4dee8856e3a88b41225abfe1ce8df57b7c13915fe121ffb8", size = 85321 }
wheels = [
    { url = "https://files.pythonhosted.org/packages/26/9f/ad63fc0248c5379346306f8668cda6e2e2e9c95e01216d2b8ffd9ff037d0/typing_extensions-4.12.2-py3-none-any.whl", hash = "sha256:04e5ca0351e0f3f85c6853954072df659d0d13fac324d0072316b67d7794700d", size = 37438 },
]

[[package]]
name = "virtualenv"
version = "20.26.4"
source = { registry = "https://pypi.org/simple" }
dependencies = [
    { name = "distlib" },
    { name = "filelock" },
    { name = "platformdirs" },
]
sdist = { url = "https://files.pythonhosted.org/packages/84/8a/134f65c3d6066153b84fc176c58877acd8165ed0b79a149ff50502597284/virtualenv-20.26.4.tar.gz", hash = "sha256:c17f4e0f3e6036e9f26700446f85c76ab11df65ff6d8a9cbfad9f71aabfcf23c", size = 9385017 }
wheels = [
    { url = "https://files.pythonhosted.org/packages/5d/ea/12f774a18b55754c730c8383dad8f10d7b87397d1cb6b2b944c87381bb3b/virtualenv-20.26.4-py3-none-any.whl", hash = "sha256:48f2695d9809277003f30776d155615ffc11328e6a0a8c1f0ec80188d7874a55", size = 6013327 },
]

[[package]]
name = "xlsxwriter"
version = "3.2.0"
source = { registry = "https://pypi.org/simple" }
sdist = { url = "https://files.pythonhosted.org/packages/a6/c3/b36fa44a0610a0f65d2e65ba6a262cbe2554b819f1449731971f7c16ea3c/XlsxWriter-3.2.0.tar.gz", hash = "sha256:9977d0c661a72866a61f9f7a809e25ebbb0fb7036baa3b9fe74afcfca6b3cb8c", size = 198732 }
wheels = [
    { url = "https://files.pythonhosted.org/packages/a7/ea/53d1fe468e63e092cf16e2c18d16f50c29851242f9dd12d6a66e0d7f0d02/XlsxWriter-3.2.0-py3-none-any.whl", hash = "sha256:ecfd5405b3e0e228219bcaf24c2ca0915e012ca9464a14048021d21a995d490e", size = 159925 },
]
