{
    "_meta": {
        "hash": {
            "sha256": "655df83ecd306bd7627d990c3d2d76601a4fca290f944717782633fd6880e42e"
        },
        "pipfile-spec": 6,
        "requires": {
            "python_version": "3.12"
        },
        "sources": [
            {
                "name": "pypi",
                "url": "https://pypi.org/simple",
                "verify_ssl": true
            }
        ]
    },
    "default": {
        "exrex": {
            "hashes": [
                "sha256:59912f0234567a5966b10d963c37ca9fe07f1640fd158e77c0dc7c3aee780489",
                "sha256:7bbc4987ebbb63cda7aad1a63b4e29032ba24826de4f295354bce1743e3aeb52"
            ],
            "index": "pypi",
            "version": "==0.11.0"
        }
    },
    "develop": {}
}
