version = 1
requires-python = ">=3.9"

[[package]]
name = "aiohttp"
version = "3.7.4.post0"
source = { registry = "https://pypi.org/simple" }
dependencies = [
    { name = "async-timeout" },
    { name = "attrs" },
    { name = "chardet" },
    { name = "multidict" },
    { name = "typing-extensions" },
    { name = "yarl" },
]
sdist = { url = "https://files.pythonhosted.org/packages/99/f5/90ede947a3ce2d6de1614799f5fea4e93c19b6520a59dc5d2f64123b032f/aiohttp-3.7.4.post0.tar.gz", hash = "sha256:493d3299ebe5f5a7c66b9819eacdcfbbaaf1a8e84911ddffcdc48888497afecf", size = 1114888 }
wheels = [
    { url = "https://files.pythonhosted.org/packages/62/c5/49ce62949ab0381300c718cc3934a91c13d23abe72bbb28daffe169660d7/aiohttp-3.7.4.post0-cp39-cp39-macosx_10_14_x86_64.whl", hash = "sha256:7b18b97cf8ee5452fa5f4e3af95d01d84d86d32c5e2bfa260cf041749d66360b", size = 649620 },
    { url = "https://files.pythonhosted.org/packages/c5/62/56354d114074e17a288ba89c3897d6e1965239f0e8def510cb78e04ff6fa/aiohttp-3.7.4.post0-cp39-cp39-manylinux1_i686.whl", hash = "sha256:15492a6368d985b76a2a5fdd2166cddfea5d24e69eefed4630cbaae5c81d89bd", size = 1375129 },
    { url = "https://files.pythonhosted.org/packages/8b/9e/970be81ea38c4fff3e5a77cad58c38dfc94645712ad9125eca4ff50ddb21/aiohttp-3.7.4.post0-cp39-cp39-manylinux2014_aarch64.whl", hash = "sha256:bdb230b4943891321e06fc7def63c7aace16095be7d9cf3b1e01be2f10fba439", size = 1419221 },
    { url = "https://files.pythonhosted.org/packages/ba/09/5412357e129dda648d1ff53a5db292e9a183184855a72eb86f3a516a854a/aiohttp-3.7.4.post0-cp39-cp39-manylinux2014_i686.whl", hash = "sha256:cffe3ab27871bc3ea47df5d8f7013945712c46a3cc5a95b6bee15887f1675c22", size = 1375134 },
    { url = "https://files.pythonhosted.org/packages/ff/1c/5f301a7dd87d667e0b11f6305ff58fcf5910f7a29f23d857c1f9afc56ae4/aiohttp-3.7.4.post0-cp39-cp39-manylinux2014_ppc64le.whl", hash = "sha256:f881853d2643a29e643609da57b96d5f9c9b93f62429dcc1cbb413c7d07f0e1a", size = 1442009 },
    { url = "https://files.pythonhosted.org/packages/6c/8f/24dd62e54153fe2b0838891629ef70f86bfdd774585f2a05c115cc54d3bf/aiohttp-3.7.4.post0-cp39-cp39-manylinux2014_s390x.whl", hash = "sha256:a5ca29ee66f8343ed336816c553e82d6cade48a3ad702b9ffa6125d187e2dedb", size = 1498096 },
    { url = "https://files.pythonhosted.org/packages/34/40/2b3295eb6f66209d1b2ad6ef34ebdf1cb1675c62f8697a8fe7c4f11d2838/aiohttp-3.7.4.post0-cp39-cp39-manylinux2014_x86_64.whl", hash = "sha256:17c073de315745a1510393a96e680d20af8e67e324f70b42accbd4cb3315c9fb", size = 1410604 },
    { url = "https://files.pythonhosted.org/packages/15/34/c784e8ffb442862a96473c2ac468a42257fea6e7f9a99fac9563ee27a9b7/aiohttp-3.7.4.post0-cp39-cp39-win32.whl", hash = "sha256:932bb1ea39a54e9ea27fc9232163059a0b8855256f4052e776357ad9add6f1c9", size = 609671 },
    { url = "https://files.pythonhosted.org/packages/3a/a8/f37091116004c0cc362abed2079e1890a3ab784eb3965a3e41f39ba76c1f/aiohttp-3.7.4.post0-cp39-cp39-win_amd64.whl", hash = "sha256:02f46fc0e3c5ac58b80d4d56eb0a7c7d97fcef69ace9326289fb9f1955e65cfe", size = 634567 },
]

[[package]]
name = "async-timeout"
version = "3.0.1"
source = { registry = "https://pypi.org/simple" }
sdist = { url = "https://files.pythonhosted.org/packages/a1/78/aae1545aba6e87e23ecab8d212b58bb70e72164b67eb090b81bb17ad38e3/async-timeout-3.0.1.tar.gz", hash = "sha256:0c3c816a028d47f659d6ff5c745cb2acf1f966da1fe5c19c77a70282b25f4c5f", size = 9724 }
wheels = [
    { url = "https://files.pythonhosted.org/packages/e1/1e/5a4441be21b0726c4464f3f23c8b19628372f606755a9d2e46c187e65ec4/async_timeout-3.0.1-py3-none-any.whl", hash = "sha256:4291ca197d287d274d0b6cb5d6f8f8f82d434ed288f962539ff18cc9012f9ea3", size = 8247 },
]

[[package]]
name = "attrs"
version = "24.2.0"
source = { registry = "https://pypi.org/simple" }
sdist = { url = "https://files.pythonhosted.org/packages/fc/0f/aafca9af9315aee06a89ffde799a10a582fe8de76c563ee80bbcdc08b3fb/attrs-24.2.0.tar.gz", hash = "sha256:5cfb1b9148b5b086569baec03f20d7b6bf3bcacc9a42bebf87ffaaca362f6346", size = 792678 }
wheels = [
    { url = "https://files.pythonhosted.org/packages/6a/21/5b6702a7f963e95456c0de2d495f67bf5fd62840ac655dc451586d23d39a/attrs-24.2.0-py3-none-any.whl", hash = "sha256:81921eb96de3191c8258c199618104dd27ac608d9366f5e35d011eae1867ede2", size = 63001 },
]

[[package]]
name = "chardet"
version = "4.0.0"
source = { registry = "https://pypi.org/simple" }
sdist = { url = "https://files.pythonhosted.org/packages/ee/2d/9cdc2b527e127b4c9db64b86647d567985940ac3698eeabc7ffaccb4ea61/chardet-4.0.0.tar.gz", hash = "sha256:0d6f53a15db4120f2b08c94f11e7d93d2c911ee118b6b30a04ec3ee8310179fa", size = 1907771 }
wheels = [
    { url = "https://files.pythonhosted.org/packages/19/c7/fa589626997dd07bd87d9269342ccb74b1720384a4d739a1872bd84fbe68/chardet-4.0.0-py2.py3-none-any.whl", hash = "sha256:f864054d66fd9118f2e67044ac8981a54775ec5b67aed0441892edb553d21da5", size = 178743 },
]

[[package]]
name = "discord-py"
version = "1.6.0"
source = { registry = "https://pypi.org/simple" }
dependencies = [
    { name = "aiohttp" },
]
sdist = { url = "https://files.pythonhosted.org/packages/90/c4/74882b40f33420d03e6bf0c8cae26927496b0487df1d52039af92987646b/discord.py-1.6.0.tar.gz", hash = "sha256:ba8be99ff1b8c616f7b6dcb700460d0222b29d4c11048e74366954c465fdd05f", size = 720447 }
wheels = [
    { url = "https://files.pythonhosted.org/packages/62/9d/d5d9134bf894cce5b1acc698222d2b80c51f017b17e4211f4f33cebffccb/discord.py-1.6.0-py3-none-any.whl", hash = "sha256:3df148daf6fbcc7ab5b11042368a3cd5f7b730b62f09fb5d3cbceff59bcfbb12", size = 779216 },
]

[[package]]
name = "discord-py-slash-command"
version = "1.2.2"
source = { registry = "https://pypi.org/simple" }
sdist = { url = "https://files.pythonhosted.org/packages/66/c1/a6da0916508a24f19be4388e4c986655995d415c6a36928b394d5bb4be21/discord-py-slash-command-1.2.2.tar.gz", hash = "sha256:192b4454bb5ca9e6032812a4142469782ab7a8a4f93c13fb04bb5a2ff100ddfb", size = 23475 }
wheels = [
    { url = "https://files.pythonhosted.org/packages/22/50/8ebb82f6c7b4aec53237457df1d11e31a6aaba546c3fa1f2dfdbb1ad5fa6/discord_py_slash_command-1.2.2-py3-none-any.whl", hash = "sha256:5539b931af40b3bc91ee0a8ed1e97a58400c442ef542007db9dda315dce90144", size = 27601 },
]

[[package]]
name = "idna"
version = "3.8"
source = { registry = "https://pypi.org/simple" }
sdist = { url = "https://files.pythonhosted.org/packages/e8/ac/e349c5e6d4543326c6883ee9491e3921e0d07b55fdf3cce184b40d63e72a/idna-3.8.tar.gz", hash = "sha256:d838c2c0ed6fced7693d5e8ab8e734d5f8fda53a039c0164afb0b82e771e3603", size = 189467 }
wheels = [
    { url = "https://files.pythonhosted.org/packages/22/7e/d71db821f177828df9dea8c42ac46473366f191be53080e552e628aad991/idna-3.8-py3-none-any.whl", hash = "sha256:050b4e5baadcd44d760cedbd2b8e639f2ff89bbc7a5730fcc662954303377aac", size = 66894 },
]

[[package]]
name = "multidict"
version = "6.0.5"
source = { registry = "https://pypi.org/simple" }
sdist = { url = "https://files.pythonhosted.org/packages/f9/79/722ca999a3a09a63b35aac12ec27dfa8e5bb3a38b0f857f7a1a209a88836/multidict-6.0.5.tar.gz", hash = "sha256:f7e301075edaf50500f0b341543c41194d8df3ae5caf4702f2095f3ca73dd8da", size = 59867 }
wheels = [
    { url = "https://files.pythonhosted.org/packages/b7/36/48097b96135017ed1b806c5ea27b6cdc2ed3a6861c5372b793563206c586/multidict-6.0.5-cp310-cp310-macosx_10_9_universal2.whl", hash = "sha256:228b644ae063c10e7f324ab1ab6b548bdf6f8b47f3ec234fef1093bc2735e5f9", size = 50955 },
    { url = "https://files.pythonhosted.org/packages/d9/48/037440edb5d4a1c65e002925b2f24071d6c27754e6f4734f63037e3169d6/multidict-6.0.5-cp310-cp310-macosx_10_9_x86_64.whl", hash = "sha256:896ebdcf62683551312c30e20614305f53125750803b614e9e6ce74a96232604", size = 30361 },
    { url = "https://files.pythonhosted.org/packages/a4/eb/d8e7693c9064554a1585698d1902839440c6c695b0f53c9a8be5d9d4a3b8/multidict-6.0.5-cp310-cp310-macosx_11_0_arm64.whl", hash = "sha256:411bf8515f3be9813d06004cac41ccf7d1cd46dfe233705933dd163b60e37600", size = 30508 },
    { url = "https://files.pythonhosted.org/packages/f3/7d/fe7648d4b2f200f8854066ce6e56bf51889abfaf859814c62160dd0e32a9/multidict-6.0.5-cp310-cp310-manylinux_2_17_aarch64.manylinux2014_aarch64.whl", hash = "sha256:1d147090048129ce3c453f0292e7697d333db95e52616b3793922945804a433c", size = 126318 },
    { url = "https://files.pythonhosted.org/packages/8d/ea/0230b6faa9a5bc10650fd50afcc4a86e6c37af2fe05bc679b74d79253732/multidict-6.0.5-cp310-cp310-manylinux_2_17_ppc64le.manylinux2014_ppc64le.whl", hash = "sha256:215ed703caf15f578dca76ee6f6b21b7603791ae090fbf1ef9d865571039ade5", size = 133998 },
    { url = "https://files.pythonhosted.org/packages/36/6d/d2f982fb485175727a193b4900b5f929d461e7aa87d6fb5a91a377fcc9c0/multidict-6.0.5-cp310-cp310-manylinux_2_17_s390x.manylinux2014_s390x.whl", hash = "sha256:7c6390cf87ff6234643428991b7359b5f59cc15155695deb4eda5c777d2b880f", size = 129150 },
    { url = "https://files.pythonhosted.org/packages/33/62/2c9085e571318d51212a6914566fe41dd0e33d7f268f7e2f23dcd3f06c56/multidict-6.0.5-cp310-cp310-manylinux_2_17_x86_64.manylinux2014_x86_64.whl", hash = "sha256:21fd81c4ebdb4f214161be351eb5bcf385426bf023041da2fd9e60681f3cebae", size = 124266 },
    { url = "https://files.pythonhosted.org/packages/ce/e2/88cdfeaf03eab3498f688a19b62ca704d371cd904cb74b682541ca7b20a7/multidict-6.0.5-cp310-cp310-manylinux_2_5_i686.manylinux1_i686.manylinux_2_17_i686.manylinux2014_i686.whl", hash = "sha256:3cc2ad10255f903656017363cd59436f2111443a76f996584d1077e43ee51182", size = 116637 },
    { url = "https://files.pythonhosted.org/packages/12/4d/99dfc36872dcc53956879f5da80a6505bbd29214cce90ce792a86e15fddf/multidict-6.0.5-cp310-cp310-musllinux_1_1_aarch64.whl", hash = "sha256:6939c95381e003f54cd4c5516740faba40cf5ad3eeff460c3ad1d3e0ea2549bf", size = 155908 },
    { url = "https://files.pythonhosted.org/packages/c2/5c/1e76b2c742cb9e0248d1e8c4ed420817879230c833fa27d890b5fd22290b/multidict-6.0.5-cp310-cp310-musllinux_1_1_i686.whl", hash = "sha256:220dd781e3f7af2c2c1053da9fa96d9cf3072ca58f057f4c5adaaa1cab8fc442", size = 147111 },
    { url = "https://files.pythonhosted.org/packages/bc/84/9579004267e1cc5968ef2ef8718dab9d8950d99354d85b739dd67b09c273/multidict-6.0.5-cp310-cp310-musllinux_1_1_ppc64le.whl", hash = "sha256:766c8f7511df26d9f11cd3a8be623e59cca73d44643abab3f8c8c07620524e4a", size = 160502 },
    { url = "https://files.pythonhosted.org/packages/11/b7/bef33e84e3722bc42531af020d7ae8c31235ce8846bacaa852b6484cf868/multidict-6.0.5-cp310-cp310-musllinux_1_1_s390x.whl", hash = "sha256:fe5d7785250541f7f5019ab9cba2c71169dc7d74d0f45253f8313f436458a4ef", size = 156587 },
    { url = "https://files.pythonhosted.org/packages/26/ce/f745a2d6104e56f7fa0d7d0756bb9ed27b771dd7b8d9d7348cd7f0f7b9de/multidict-6.0.5-cp310-cp310-musllinux_1_1_x86_64.whl", hash = "sha256:c1c1496e73051918fcd4f58ff2e0f2f3066d1c76a0c6aeffd9b45d53243702cc", size = 151948 },
    { url = "https://files.pythonhosted.org/packages/f1/50/714da64281d2b2b3b4068e84f115e1ef3bd3ed3715b39503ff3c59e8d30d/multidict-6.0.5-cp310-cp310-win32.whl", hash = "sha256:7afcdd1fc07befad18ec4523a782cde4e93e0a2bf71239894b8d61ee578c1319", size = 25734 },
    { url = "https://files.pythonhosted.org/packages/ef/3d/ba0dc18e96c5d83731c54129819d5892389e180f54ebb045c6124b2e8b87/multidict-6.0.5-cp310-cp310-win_amd64.whl", hash = "sha256:99f60d34c048c5c2fabc766108c103612344c46e35d4ed9ae0673d33c8fb26e8", size = 28182 },
    { url = "https://files.pythonhosted.org/packages/5f/da/b10ea65b850b54f44a6479177c6987f456bc2d38f8dc73009b78afcf0ede/multidict-6.0.5-cp311-cp311-macosx_10_9_universal2.whl", hash = "sha256:f285e862d2f153a70586579c15c44656f888806ed0e5b56b64489afe4a2dbfba", size = 50815 },
    { url = "https://files.pythonhosted.org/packages/21/db/3403263f158b0bc7b0d4653766d71cb39498973f2042eead27b2e9758782/multidict-6.0.5-cp311-cp311-macosx_10_9_x86_64.whl", hash = "sha256:53689bb4e102200a4fafa9de9c7c3c212ab40a7ab2c8e474491914d2305f187e", size = 30269 },
    { url = "https://files.pythonhosted.org/packages/02/c1/b15ecceb6ffa5081ed2ed450aea58d65b0e0358001f2b426705f9f41f4c2/multidict-6.0.5-cp311-cp311-macosx_11_0_arm64.whl", hash = "sha256:612d1156111ae11d14afaf3a0669ebf6c170dbb735e510a7438ffe2369a847fd", size = 30500 },
    { url = "https://files.pythonhosted.org/packages/3f/e1/7fdd0f39565df3af87d6c2903fb66a7d529fbd0a8a066045d7a5b6ad1145/multidict-6.0.5-cp311-cp311-manylinux_2_17_aarch64.manylinux2014_aarch64.whl", hash = "sha256:7be7047bd08accdb7487737631d25735c9a04327911de89ff1b26b81745bd4e3", size = 130751 },
    { url = "https://files.pythonhosted.org/packages/76/bc/9f593f9e38c6c09bbf0344b56ad67dd53c69167937c2edadee9719a5e17d/multidict-6.0.5-cp311-cp311-manylinux_2_17_ppc64le.manylinux2014_ppc64le.whl", hash = "sha256:de170c7b4fe6859beb8926e84f7d7d6c693dfe8e27372ce3b76f01c46e489fcf", size = 138185 },
    { url = "https://files.pythonhosted.org/packages/28/32/d7799a208701d537b92705f46c777ded812a6dc139c18d8ed599908f6b1c/multidict-6.0.5-cp311-cp311-manylinux_2_17_s390x.manylinux2014_s390x.whl", hash = "sha256:04bde7a7b3de05732a4eb39c94574db1ec99abb56162d6c520ad26f83267de29", size = 133585 },
    { url = "https://files.pythonhosted.org/packages/52/ec/be54a3ad110f386d5bd7a9a42a4ff36b3cd723ebe597f41073a73ffa16b8/multidict-6.0.5-cp311-cp311-manylinux_2_17_x86_64.manylinux2014_x86_64.whl", hash = "sha256:85f67aed7bb647f93e7520633d8f51d3cbc6ab96957c71272b286b2f30dc70ed", size = 128684 },
    { url = "https://files.pythonhosted.org/packages/36/e1/a680eabeb71e25d4733276d917658dfa1cd3a99b1223625dbc247d266c98/multidict-6.0.5-cp311-cp311-manylinux_2_5_i686.manylinux1_i686.manylinux_2_17_i686.manylinux2014_i686.whl", hash = "sha256:425bf820055005bfc8aa9a0b99ccb52cc2f4070153e34b701acc98d201693733", size = 120994 },
    { url = "https://files.pythonhosted.org/packages/ef/08/08f4f44a8a43ea4cee13aa9cdbbf4a639af8db49310a0637ca389c4cf817/multidict-6.0.5-cp311-cp311-musllinux_1_1_aarch64.whl", hash = "sha256:d3eb1ceec286eba8220c26f3b0096cf189aea7057b6e7b7a2e60ed36b373b77f", size = 159689 },
    { url = "https://files.pythonhosted.org/packages/aa/a9/46cdb4cb40bbd4b732169413f56b04a6553460b22bd914f9729c9ba63761/multidict-6.0.5-cp311-cp311-musllinux_1_1_i686.whl", hash = "sha256:7901c05ead4b3fb75113fb1dd33eb1253c6d3ee37ce93305acd9d38e0b5f21a4", size = 150611 },
    { url = "https://files.pythonhosted.org/packages/e9/32/35668bb3e6ab2f12f4e4f7f4000f72f714882a94f904d4c3633fbd036753/multidict-6.0.5-cp311-cp311-musllinux_1_1_ppc64le.whl", hash = "sha256:e0e79d91e71b9867c73323a3444724d496c037e578a0e1755ae159ba14f4f3d1", size = 164444 },
    { url = "https://files.pythonhosted.org/packages/fa/10/f1388a91552af732d8ec48dab928abc209e732767e9e8f92d24c3544353c/multidict-6.0.5-cp311-cp311-musllinux_1_1_s390x.whl", hash = "sha256:29bfeb0dff5cb5fdab2023a7a9947b3b4af63e9c47cae2a10ad58394b517fddc", size = 160158 },
    { url = "https://files.pythonhosted.org/packages/14/c3/f602601f1819983e018156e728e57b3f19726cb424b543667faab82f6939/multidict-6.0.5-cp311-cp311-musllinux_1_1_x86_64.whl", hash = "sha256:e030047e85cbcedbfc073f71836d62dd5dadfbe7531cae27789ff66bc551bd5e", size = 156072 },
    { url = "https://files.pythonhosted.org/packages/82/a6/0290af8487326108c0d03d14f8a0b8b1001d71e4494df5f96ab0c88c0b88/multidict-6.0.5-cp311-cp311-win32.whl", hash = "sha256:2f4848aa3baa109e6ab81fe2006c77ed4d3cd1e0ac2c1fbddb7b1277c168788c", size = 25731 },
    { url = "https://files.pythonhosted.org/packages/88/aa/ea217cb18325aa05cb3e3111c19715f1e97c50a4a900cbc20e54648de5f5/multidict-6.0.5-cp311-cp311-win_amd64.whl", hash = "sha256:2faa5ae9376faba05f630d7e5e6be05be22913782b927b19d12b8145968a85ea", size = 28176 },
    { url = "https://files.pythonhosted.org/packages/90/9c/7fda9c0defa09538c97b1f195394be82a1f53238536f70b32eb5399dfd4e/multidict-6.0.5-cp312-cp312-macosx_10_9_universal2.whl", hash = "sha256:51d035609b86722963404f711db441cf7134f1889107fb171a970c9701f92e1e", size = 49575 },
    { url = "https://files.pythonhosted.org/packages/be/21/d6ca80dd1b9b2c5605ff7475699a8ff5dc6ea958cd71fb2ff234afc13d79/multidict-6.0.5-cp312-cp312-macosx_10_9_x86_64.whl", hash = "sha256:cbebcd5bcaf1eaf302617c114aa67569dd3f090dd0ce8ba9e35e9985b41ac35b", size = 29638 },
    { url = "https://files.pythonhosted.org/packages/9c/18/9565f32c19d186168731e859692dfbc0e98f66a1dcf9e14d69c02a78b75a/multidict-6.0.5-cp312-cp312-macosx_11_0_arm64.whl", hash = "sha256:2ffc42c922dbfddb4a4c3b438eb056828719f07608af27d163191cb3e3aa6cc5", size = 29874 },
    { url = "https://files.pythonhosted.org/packages/4e/4e/3815190e73e6ef101b5681c174c541bf972a1b064e926e56eea78d06e858/multidict-6.0.5-cp312-cp312-manylinux_2_17_aarch64.manylinux2014_aarch64.whl", hash = "sha256:ceb3b7e6a0135e092de86110c5a74e46bda4bd4fbfeeb3a3bcec79c0f861e450", size = 129914 },
    { url = "https://files.pythonhosted.org/packages/0c/08/bb47f886457e2259aefc10044e45c8a1b62f0c27228557e17775869d0341/multidict-6.0.5-cp312-cp312-manylinux_2_17_ppc64le.manylinux2014_ppc64le.whl", hash = "sha256:79660376075cfd4b2c80f295528aa6beb2058fd289f4c9252f986751a4cd0496", size = 134589 },
    { url = "https://files.pythonhosted.org/packages/d5/2f/952f79b5f0795cf4e34852fc5cf4dfda6166f63c06c798361215b69c131d/multidict-6.0.5-cp312-cp312-manylinux_2_17_s390x.manylinux2014_s390x.whl", hash = "sha256:e4428b29611e989719874670fd152b6625500ad6c686d464e99f5aaeeaca175a", size = 133259 },
    { url = "https://files.pythonhosted.org/packages/24/1f/af976383b0b772dd351210af5b60ff9927e3abb2f4a103e93da19a957da0/multidict-6.0.5-cp312-cp312-manylinux_2_17_x86_64.manylinux2014_x86_64.whl", hash = "sha256:d84a5c3a5f7ce6db1f999fb9438f686bc2e09d38143f2d93d8406ed2dd6b9226", size = 130779 },
    { url = "https://files.pythonhosted.org/packages/fc/b1/b0a7744be00b0f5045c7ed4e4a6b8ee6bde4672b2c620474712299df5979/multidict-6.0.5-cp312-cp312-manylinux_2_5_i686.manylinux1_i686.manylinux_2_17_i686.manylinux2014_i686.whl", hash = "sha256:76c0de87358b192de7ea9649beb392f107dcad9ad27276324c24c91774ca5271", size = 120125 },
    { url = "https://files.pythonhosted.org/packages/d0/bf/2a1d667acf11231cdf0b97a6cd9f30e7a5cf847037b5cf6da44884284bd0/multidict-6.0.5-cp312-cp312-musllinux_1_1_aarch64.whl", hash = "sha256:79a6d2ba910adb2cbafc95dad936f8b9386e77c84c35bc0add315b856d7c3abb", size = 167095 },
    { url = "https://files.pythonhosted.org/packages/5e/e8/ad6ee74b1a2050d3bc78f566dabcc14c8bf89cbe87eecec866c011479815/multidict-6.0.5-cp312-cp312-musllinux_1_1_i686.whl", hash = "sha256:92d16a3e275e38293623ebf639c471d3e03bb20b8ebb845237e0d3664914caef", size = 155823 },
    { url = "https://files.pythonhosted.org/packages/45/7c/06926bb91752c52abca3edbfefac1ea90d9d1bc00c84d0658c137589b920/multidict-6.0.5-cp312-cp312-musllinux_1_1_ppc64le.whl", hash = "sha256:fb616be3538599e797a2017cccca78e354c767165e8858ab5116813146041a24", size = 170233 },
    { url = "https://files.pythonhosted.org/packages/3c/29/3dd36cf6b9c5abba8b97bba84eb499a168ba59c3faec8829327b3887d123/multidict-6.0.5-cp312-cp312-musllinux_1_1_s390x.whl", hash = "sha256:14c2976aa9038c2629efa2c148022ed5eb4cb939e15ec7aace7ca932f48f9ba6", size = 169035 },
    { url = "https://files.pythonhosted.org/packages/60/47/9a0f43470c70bbf6e148311f78ef5a3d4996b0226b6d295bdd50fdcfe387/multidict-6.0.5-cp312-cp312-musllinux_1_1_x86_64.whl", hash = "sha256:435a0984199d81ca178b9ae2c26ec3d49692d20ee29bc4c11a2a8d4514c67eda", size = 166229 },
    { url = "https://files.pythonhosted.org/packages/1d/23/c1b7ae7a0b8a3e08225284ef3ecbcf014b292a3ee821bc4ed2185fd4ce7d/multidict-6.0.5-cp312-cp312-win32.whl", hash = "sha256:9fe7b0653ba3d9d65cbe7698cca585bf0f8c83dbbcc710db9c90f478e175f2d5", size = 25840 },
    { url = "https://files.pythonhosted.org/packages/4a/68/66fceb758ad7a88993940dbdf3ac59911ba9dc46d7798bf6c8652f89f853/multidict-6.0.5-cp312-cp312-win_amd64.whl", hash = "sha256:01265f5e40f5a17f8241d52656ed27192be03bfa8764d88e8220141d1e4b3556", size = 27905 },
    { url = "https://files.pythonhosted.org/packages/c6/7c/c8f4445389c0bbc5ea85d1e737233c257f314d0f836a6644e097a5ef512f/multidict-6.0.5-cp39-cp39-macosx_10_9_universal2.whl", hash = "sha256:e7be68734bd8c9a513f2b0cfd508802d6609da068f40dc57d4e3494cefc92929", size = 50828 },
    { url = "https://files.pythonhosted.org/packages/7d/5c/c364a77b37f580cc28da4194b77ed04286c7631933d3e64fdae40f1972e2/multidict-6.0.5-cp39-cp39-macosx_10_9_x86_64.whl", hash = "sha256:1d9ea7a7e779d7a3561aade7d596649fbecfa5c08a7674b11b423783217933f9", size = 30315 },
    { url = "https://files.pythonhosted.org/packages/1a/25/f4b60a34dde70c475f4dcaeb4796c256db80d2e03198052d0c3cee5d5fbb/multidict-6.0.5-cp39-cp39-macosx_11_0_arm64.whl", hash = "sha256:ea1456df2a27c73ce51120fa2f519f1bea2f4a03a917f4a43c8707cf4cbbae1a", size = 30451 },
    { url = "https://files.pythonhosted.org/packages/d0/10/2ff646c471e84af25fe8111985ffb8ec85a3f6e1ade8643bfcfcc0f4d2b1/multidict-6.0.5-cp39-cp39-manylinux_2_17_aarch64.manylinux2014_aarch64.whl", hash = "sha256:cf590b134eb70629e350691ecca88eac3e3b8b3c86992042fb82e3cb1830d5e1", size = 125880 },
    { url = "https://files.pythonhosted.org/packages/c9/ee/a4775297550dfb127641bd335d00d6d896e4ba5cf0216f78654e5ad6ac80/multidict-6.0.5-cp39-cp39-manylinux_2_17_ppc64le.manylinux2014_ppc64le.whl", hash = "sha256:5c0631926c4f58e9a5ccce555ad7747d9a9f8b10619621f22f9635f069f6233e", size = 133606 },
    { url = "https://files.pythonhosted.org/packages/7d/e9/95746d0c7c40bb0f43fc5424b7d7cf783e8638ce67f05fa677fff9ad76bb/multidict-6.0.5-cp39-cp39-manylinux_2_17_s390x.manylinux2014_s390x.whl", hash = "sha256:dce1c6912ab9ff5f179eaf6efe7365c1f425ed690b03341911bf4939ef2f3046", size = 128720 },
    { url = "https://files.pythonhosted.org/packages/39/a9/1f8d42c8103bcb1da6bb719f1bc018594b5acc8eae56b3fec4720ebee225/multidict-6.0.5-cp39-cp39-manylinux_2_17_x86_64.manylinux2014_x86_64.whl", hash = "sha256:c0868d64af83169e4d4152ec612637a543f7a336e4a307b119e98042e852ad9c", size = 123750 },
    { url = "https://files.pythonhosted.org/packages/b5/f8/c8abbe7c425497d8bf997b1fffd9650ca175325ff397fadc9d63ae5dc027/multidict-6.0.5-cp39-cp39-manylinux_2_5_i686.manylinux1_i686.manylinux_2_17_i686.manylinux2014_i686.whl", hash = "sha256:141b43360bfd3bdd75f15ed811850763555a251e38b2405967f8e25fb43f7d40", size = 116213 },
    { url = "https://files.pythonhosted.org/packages/c2/bb/242664de860cd1201f4d207f0bd2011c1a730877e1dbffbe5d6ec4089e2d/multidict-6.0.5-cp39-cp39-musllinux_1_1_aarch64.whl", hash = "sha256:7df704ca8cf4a073334e0427ae2345323613e4df18cc224f647f251e5e75a527", size = 155410 },
    { url = "https://files.pythonhosted.org/packages/f6/5b/35d20c85b8ccd0c9afc47b8dd46e028b6650ad9660a4b6ad191301d220f5/multidict-6.0.5-cp39-cp39-musllinux_1_1_i686.whl", hash = "sha256:6214c5a5571802c33f80e6c84713b2c79e024995b9c5897f794b43e714daeec9", size = 146668 },
    { url = "https://files.pythonhosted.org/packages/1b/52/6e984685d048f6728807c3fd9b8a6e3e3d51a06a4d6665d6e0102115455d/multidict-6.0.5-cp39-cp39-musllinux_1_1_ppc64le.whl", hash = "sha256:cd6c8fca38178e12c00418de737aef1261576bd1b6e8c6134d3e729a4e858b38", size = 160140 },
    { url = "https://files.pythonhosted.org/packages/76/c0/3aa6238557ed1d235be70d9c3f86d63a835c421b76073b8ce06bf32725e8/multidict-6.0.5-cp39-cp39-musllinux_1_1_s390x.whl", hash = "sha256:e02021f87a5b6932fa6ce916ca004c4d441509d33bbdbeca70d05dff5e9d2479", size = 156185 },
    { url = "https://files.pythonhosted.org/packages/85/82/02ed81023b5812582bf7c46e8e2868ffd6a29f8c313af1dd76e82e243c39/multidict-6.0.5-cp39-cp39-musllinux_1_1_x86_64.whl", hash = "sha256:ebd8d160f91a764652d3e51ce0d2956b38efe37c9231cd82cfc0bed2e40b581c", size = 151518 },
    { url = "https://files.pythonhosted.org/packages/d8/00/fd6eef9830046c063939cbf119c101898cbb611ea20301ae911b74caca19/multidict-6.0.5-cp39-cp39-win32.whl", hash = "sha256:04da1bb8c8dbadf2a18a452639771951c662c5ad03aefe4884775454be322c9b", size = 25732 },
    { url = "https://files.pythonhosted.org/packages/58/a3/4d2c1b4d1859c89d9ce48a4ae410ee019485e324e484b0160afdba8cc42b/multidict-6.0.5-cp39-cp39-win_amd64.whl", hash = "sha256:d6f6d4f185481c9669b9447bf9d9cf3b95a0e9df9d169bbc17e363b7d5487755", size = 28181 },
    { url = "https://files.pythonhosted.org/packages/fa/a2/17e1e23c6be0a916219c5292f509360c345b5fa6beeb50d743203c27532c/multidict-6.0.5-py3-none-any.whl", hash = "sha256:0d63c74e3d7ab26de115c49bffc92cc77ed23395303d496eae515d4204a625e7", size = 9729 },
]

[[package]]
name = "nortrom"
version = "1.0.1"
source = { editable = "." }
dependencies = [
    { name = "discord-py" },
    { name = "discord-py-slash-command" },
]

[package.metadata]
requires-dist = [
    { name = "discord-py", specifier = "~=1.6" },
    { name = "discord-py-slash-command", specifier = "~=1.1" },
]

[[package]]
name = "typing-extensions"
version = "4.12.2"
source = { registry = "https://pypi.org/simple" }
sdist = { url = "https://files.pythonhosted.org/packages/df/db/f35a00659bc03fec321ba8bce9420de607a1d37f8342eee1863174c69557/typing_extensions-4.12.2.tar.gz", hash = "sha256:1a7ead55c7e559dd4dee8856e3a88b41225abfe1ce8df57b7c13915fe121ffb8", size = 85321 }
wheels = [
    { url = "https://files.pythonhosted.org/packages/26/9f/ad63fc0248c5379346306f8668cda6e2e2e9c95e01216d2b8ffd9ff037d0/typing_extensions-4.12.2-py3-none-any.whl", hash = "sha256:04e5ca0351e0f3f85c6853954072df659d0d13fac324d0072316b67d7794700d", size = 37438 },
]

[[package]]
name = "yarl"
version = "1.11.0"
source = { registry = "https://pypi.org/simple" }
dependencies = [
    { name = "idna" },
    { name = "multidict" },
]
sdist = { url = "https://files.pythonhosted.org/packages/d5/f0/56955b0dde04e8e811ad71a9308dd11cda14a079bf0fb2cdfabfb95f5d9c/yarl-1.11.0.tar.gz", hash = "sha256:f86f4f4a57a29ef08fa70c4667d04c5e3ba513500da95586208b285437cb9592", size = 160812 }
wheels = [
    { url = "https://files.pythonhosted.org/packages/ef/5c/d440aadeb7dd0f12169d6ab56b138dd0b794ce796c6f47b2cf5e4dc0b74e/yarl-1.11.0-cp310-cp310-macosx_10_9_universal2.whl", hash = "sha256:0a657db1b9982f3dac0e360614d0e8945d2873da6e681fb7fca23ef1c3eb37f8", size = 188071 },
    { url = "https://files.pythonhosted.org/packages/4d/c1/b52ec6c51804f0a57e1560968712a53fc3fc58473e4bb6aafadc3473ce6e/yarl-1.11.0-cp310-cp310-macosx_10_9_x86_64.whl", hash = "sha256:65a1a05efca52b102691e64db5fcf973030a1c88fee393804ff91f99c95a6e74", size = 113965 },
    { url = "https://files.pythonhosted.org/packages/a8/e4/cb97a3ef280010f0e8eccd92c48bb323cf1acd1243fce9694983b7744a9b/yarl-1.11.0-cp310-cp310-macosx_11_0_arm64.whl", hash = "sha256:f4cb417d380e2d77961eecec75aaaf6f7ab14e6de26eb3a498f498029a6556a1", size = 112132 },
    { url = "https://files.pythonhosted.org/packages/fc/18/910e39acee5cf3f620862a29fe7cec7b93838c01764f2beb62956dc1c504/yarl-1.11.0-cp310-cp310-manylinux_2_17_aarch64.manylinux2014_aarch64.whl", hash = "sha256:8aee7c8378c6aa3103b99d1eb9995268ef730fa9f88ea68b9eee4341e204eec9", size = 442155 },
    { url = "https://files.pythonhosted.org/packages/d6/62/39e79b2dc0540074802b488c2254739de4f8d19e35bf1ff84bb51e44b916/yarl-1.11.0-cp310-cp310-manylinux_2_17_ppc64le.manylinux2014_ppc64le.whl", hash = "sha256:84624db40e2358cfd5cf2558b1aaffd93366d27ee32228a97785f2ec87d44a17", size = 467633 },
    { url = "https://files.pythonhosted.org/packages/e3/17/a651d0fc44692e00ddf5b86f3dad52a1f9d4bfe6057b1c4dc845f77ca978/yarl-1.11.0-cp310-cp310-manylinux_2_17_s390x.manylinux2014_s390x.whl", hash = "sha256:2a596bb15e036952549871a4ccd2205679902dc7f241e3ced6b2ab2e44c55795", size = 461745 },
    { url = "https://files.pythonhosted.org/packages/3d/6e/80232858d4d5775e23e5456b00523ec6e640db8f02253d6032d22400c8c7/yarl-1.11.0-cp310-cp310-manylinux_2_17_x86_64.manylinux2014_x86_64.whl", hash = "sha256:c9d4d2cc4b076c8ad0175a15ee9482a387b3303c97d4b71062db7356b2ac04c7", size = 446413 },
    { url = "https://files.pythonhosted.org/packages/c8/c5/e57b5798b2c28890b357c505f8f84a8368c80ade3a02345eda509567dd2a/yarl-1.11.0-cp310-cp310-manylinux_2_5_i686.manylinux1_i686.manylinux_2_17_i686.manylinux2014_i686.whl", hash = "sha256:25f8bc849004122591104793a576e9c747b0e5d9486d6a30225521b817255748", size = 431341 },
    { url = "https://files.pythonhosted.org/packages/9c/f3/4f005c526b751ac7f7f57054b026a11974e8ceaee708db6c6d780de52a81/yarl-1.11.0-cp310-cp310-musllinux_1_2_aarch64.whl", hash = "sha256:e38176a559edde0cfff4b663791a007a5f9f90c73aee1d6f7ddbcf6bfb7287b3", size = 443304 },
    { url = "https://files.pythonhosted.org/packages/44/39/dc78cbb6b4550edf61efe39402e07774499fa95911f48bd042c68bd61e84/yarl-1.11.0-cp310-cp310-musllinux_1_2_i686.whl", hash = "sha256:706ac0f77b45e9e0278ec6c98929764e119d3ce3136792b6475e7ae961da53ec", size = 447884 },
    { url = "https://files.pythonhosted.org/packages/d2/50/a8ac5e493608b233add443d1ce8ce57ad95e70a61820012971b8c6bcd45b/yarl-1.11.0-cp310-cp310-musllinux_1_2_ppc64le.whl", hash = "sha256:48bac099586cf75ae5837b0ac17a674450d01f451f38afcb02acfc940110b60b", size = 471256 },
    { url = "https://files.pythonhosted.org/packages/2b/4f/93aba458983b6bb8c24c5b34dbec61b684e3ba44c07c64cab1002fcf87a9/yarl-1.11.0-cp310-cp310-musllinux_1_2_s390x.whl", hash = "sha256:540fd5f62fe21f3d1d9efe8af5c4d9dbbb184ce03ce95acb0289500e46215dd2", size = 469447 },
    { url = "https://files.pythonhosted.org/packages/a9/76/0f7855fec1aaffedc105c644d67499372ca8b56306d283f9cdcb47788524/yarl-1.11.0-cp310-cp310-musllinux_1_2_x86_64.whl", hash = "sha256:05ab59db0bb64e847972373c5cda8924e6605480f6b13cc04573fa0d87bfc637", size = 457274 },
    { url = "https://files.pythonhosted.org/packages/03/71/69092b5fafcb18dd88239eb2ecacff3b6aaf4a8cd902962234c2a649f43f/yarl-1.11.0-cp310-cp310-win32.whl", hash = "sha256:ddab47748933ac9cf5f29d6e9e2e2060cff40b2751d02c55129661ea4e577152", size = 100775 },
    { url = "https://files.pythonhosted.org/packages/aa/c1/59d7d5ba07b2a80ff749dfb77eb55137eb6686c16742c1b716fb45984f97/yarl-1.11.0-cp310-cp310-win_amd64.whl", hash = "sha256:976d02274e6d88b24c7131e7b26a083412b2592f2bbcef53d3b00b2508cad26c", size = 109770 },
    { url = "https://files.pythonhosted.org/packages/11/49/0895d3532224e99713f483d72f50a23fba35960fc2b579ac011e4f1c1279/yarl-1.11.0-cp311-cp311-macosx_10_9_universal2.whl", hash = "sha256:39e3087e1ef70862de81e22af9eb299faee580f41673ef92829949022791b521", size = 188003 },
    { url = "https://files.pythonhosted.org/packages/d6/7b/392f261aefe24ece4e80efc5612b7a28a6399a111900ae976c5ec6181153/yarl-1.11.0-cp311-cp311-macosx_10_9_x86_64.whl", hash = "sha256:7fd535cc41b81a566ad347081b671ab5c7e5f5b6a15526d85b4e748baf065cf0", size = 113889 },
    { url = "https://files.pythonhosted.org/packages/02/2e/46adc855d159b8898e7c975c467c29a551aa11634d8abe3d56efabd7590e/yarl-1.11.0-cp311-cp311-macosx_11_0_arm64.whl", hash = "sha256:f7cc02d8e9a612174869f4b983f159e87659096f7e2dc1fe9effd9902e408739", size = 112142 },
    { url = "https://files.pythonhosted.org/packages/12/fc/faa24a0b05f030d8c99d9c72029dde4d1ba2474c2f6105a75c92640b13d2/yarl-1.11.0-cp311-cp311-manylinux_2_17_aarch64.manylinux2014_aarch64.whl", hash = "sha256:30f391ccf4b1b1e0ba4880075ba337d41a619a5350f67053927f67ebe764bf44", size = 484576 },
    { url = "https://files.pythonhosted.org/packages/11/64/fa9c04e685aeb0582e64e541b7b3684190f13ccbdfbee5e89fc597ced727/yarl-1.11.0-cp311-cp311-manylinux_2_17_ppc64le.manylinux2014_ppc64le.whl", hash = "sha256:4c19a0d95943bb2c914b4e71043803be34bc75c08c4a6ca232bdc649a1e9ef1b", size = 504473 },
    { url = "https://files.pythonhosted.org/packages/22/32/d9c8970b09139e701737062fe93927800f2b7204771b8087aa4ecdfaec5a/yarl-1.11.0-cp311-cp311-manylinux_2_17_s390x.manylinux2014_s390x.whl", hash = "sha256:ead4d89eade0e09b8ef97877664abb0e2e8704787db5564f83658fdee5c36497", size = 498891 },
    { url = "https://files.pythonhosted.org/packages/9c/b7/35577b3ab5dd0cabb5f793a5dd03186b2f10916833d894a1d611ecbe11a8/yarl-1.11.0-cp311-cp311-manylinux_2_17_x86_64.manylinux2014_x86_64.whl", hash = "sha256:195f7791bc23d5f2480efe53f935daf8a61661000dfbfbdd70dbd06397594fff", size = 487450 },
    { url = "https://files.pythonhosted.org/packages/9d/8e/0ca5bfdaacb736f0fb5abd4ef0679b3685ae4a4f1868acef86e5fd4b598e/yarl-1.11.0-cp311-cp311-manylinux_2_5_i686.manylinux1_i686.manylinux_2_17_i686.manylinux2014_i686.whl", hash = "sha256:01a7905e662665ca8e058635377522bc3c98bdb873be761ff42c86eb72b03914", size = 470089 },
    { url = "https://files.pythonhosted.org/packages/20/5b/468c7f578c004b20b3860cb1270b007268e81eaec9be86aac31bd6d0c1d1/yarl-1.11.0-cp311-cp311-musllinux_1_2_aarch64.whl", hash = "sha256:53c80b1927b75aed208d7fd965a3a705dc8c1db4d50b9112418fa0f7784363e6", size = 484143 },
    { url = "https://files.pythonhosted.org/packages/dc/64/082fd4f2e0b9d38437e8a7443924e4c6e6cbeb63da284034f8b7709061f3/yarl-1.11.0-cp311-cp311-musllinux_1_2_i686.whl", hash = "sha256:11af21bbf807688d49b7d4915bb28cbc2e3aa028a2ee194738477eabcc413c65", size = 482014 },
    { url = "https://files.pythonhosted.org/packages/90/4a/0a9b2a817dd8fbd8212d9a5edd96f683eb4f3a5242618a2162bd424339dd/yarl-1.11.0-cp311-cp311-musllinux_1_2_ppc64le.whl", hash = "sha256:732d56da00ea7a5da4f0d15adbbd22dcb37da7825510aafde40112e53f6baa52", size = 512557 },
    { url = "https://files.pythonhosted.org/packages/27/12/68fefc9963099946919ca5347619958400902b83460c14068b2222fea07e/yarl-1.11.0-cp311-cp311-musllinux_1_2_s390x.whl", hash = "sha256:7bd54d79025b59d1dc5fb26a09734d6a9cc651a04bc381966ed264b28331a168", size = 514815 },
    { url = "https://files.pythonhosted.org/packages/af/97/71c0a9f3f028fdc5981c7c01c37d806611518a26deff1cda0107bdc98002/yarl-1.11.0-cp311-cp311-musllinux_1_2_x86_64.whl", hash = "sha256:aacd62ff67efd54cb18cea2aa7ae4fb83cfbca19a07055d4777266b70561defe", size = 496917 },
    { url = "https://files.pythonhosted.org/packages/67/2e/df56566dca0d81cd23d4a168323b9145b4a1b3132d0a67f693de231d6213/yarl-1.11.0-cp311-cp311-win32.whl", hash = "sha256:68e14ae71e5b51c8282ae5db53ccb3baffc40e1551370a8a2361f1c1d8a0bf8c", size = 100817 },
    { url = "https://files.pythonhosted.org/packages/08/c2/d951e737c4ce9f31d5e55b5309db432bd35a33fb16bbccfbf3f82a0b0544/yarl-1.11.0-cp311-cp311-win_amd64.whl", hash = "sha256:3ade2265716667b6bd4123d6f684b5f7cf4a8d83dcf1d5581ac44643466bb00a", size = 110060 },
    { url = "https://files.pythonhosted.org/packages/2c/ef/afb63646e311b4b13a6751fcbb7628b8e935cba7a844d69e39f6d9ce5a7e/yarl-1.11.0-cp312-cp312-macosx_10_9_universal2.whl", hash = "sha256:6e73dab98e3c3b5441720153e72a5f28e717aac2d22f1ec4b08ef33417d9987e", size = 188650 },
    { url = "https://files.pythonhosted.org/packages/32/31/fdac2a17133ee5e12ffc5c9266768fa05aa962e739ad35f39e9565a978f5/yarl-1.11.0-cp312-cp312-macosx_10_9_x86_64.whl", hash = "sha256:4a0d090d296ced05edfe29c6ff34869412fa6a97d0928c12b00939c4842884cd", size = 114472 },
    { url = "https://files.pythonhosted.org/packages/f8/f4/5c1e69c7bfc088a4389fc408fd09539e143edf10333b65c01f032c450131/yarl-1.11.0-cp312-cp312-macosx_11_0_arm64.whl", hash = "sha256:d29e446cfb0a82d3df7745968b9fa286665a9be8b4d68de46bcc32d917cb218e", size = 112332 },
    { url = "https://files.pythonhosted.org/packages/35/7f/2303b752846f4fb8ec53775545122aee5b854734d9c6d70fff4677ee05fe/yarl-1.11.0-cp312-cp312-manylinux_2_17_aarch64.manylinux2014_aarch64.whl", hash = "sha256:4c8dc0efcf8266ecfe057b95e01f43eb62516196a4bbf3918fd1dcb8d0dc0dff", size = 482463 },
    { url = "https://files.pythonhosted.org/packages/c3/71/c40f103724a7e3c4728a0f2952e95b31a4c7b9f101766f4c1e1fd022eb49/yarl-1.11.0-cp312-cp312-manylinux_2_17_ppc64le.manylinux2014_ppc64le.whl", hash = "sha256:202f5ec49ff163dcc767426deb55020a28078e61d6bbe1f80331d92bca53b236", size = 498245 },
    { url = "https://files.pythonhosted.org/packages/f5/84/63d03c97b620f7a2b7e9c0cc28867db803d18843a0c3ff08ba9c570d904c/yarl-1.11.0-cp312-cp312-manylinux_2_17_s390x.manylinux2014_s390x.whl", hash = "sha256:8055b0d78ce1cafa657c4b455e22661e8d3b2834de66a0753c3567da47fcc4aa", size = 495761 },
    { url = "https://files.pythonhosted.org/packages/09/fa/9bf50e7c6dd7b1402ac8dc2ee5517f89b26b4df500914ef7600d09da1c74/yarl-1.11.0-cp312-cp312-manylinux_2_17_x86_64.manylinux2014_x86_64.whl", hash = "sha256:60ed3c7f64e820959d7f682ec2f559b4f4df723dc09df619d269853a4214a4b4", size = 488688 },
    { url = "https://files.pythonhosted.org/packages/51/13/9bbd70849d0b1cd3ed5226b3844b8f185dc834a07081c874edfa4844a9fe/yarl-1.11.0-cp312-cp312-manylinux_2_5_i686.manylinux1_i686.manylinux_2_17_i686.manylinux2014_i686.whl", hash = "sha256:2371510367d39d74997acfdcd1dead17938c79c99365482821627f7838a8eba0", size = 467864 },
    { url = "https://files.pythonhosted.org/packages/84/e3/d68f77ea24171e7eb09c1473aea38216fb52712c679691b4b5a6c68e0417/yarl-1.11.0-cp312-cp312-musllinux_1_2_aarch64.whl", hash = "sha256:e24bb6a8be89ccc3ce8c47e8940fdfcb7429e9efbf65ce6fa3e7d122fcf0bcf0", size = 484168 },
    { url = "https://files.pythonhosted.org/packages/61/aa/a132bf6771efd523636998e1cc29d1e235aac1f0d94ec0dc57651973df34/yarl-1.11.0-cp312-cp312-musllinux_1_2_i686.whl", hash = "sha256:18ec42da256cfcb9b4cd5d253e04c291f69911a5228d1438a7d431c15ba0ae40", size = 484541 },
    { url = "https://files.pythonhosted.org/packages/ff/60/7b7a3ab71f3df8d82888aac9f9b22097a72de79237ed3f06b86cb005b8b6/yarl-1.11.0-cp312-cp312-musllinux_1_2_ppc64le.whl", hash = "sha256:418eeb8f228ea36c368bf6782ebd6016ecebfb1a8b90145ef6726ffcbba65ef8", size = 505193 },
    { url = "https://files.pythonhosted.org/packages/0e/f7/b2714828dc249d915fe0dd9665fee73aac8e546b195308e0d531fe7d0a7b/yarl-1.11.0-cp312-cp312-musllinux_1_2_s390x.whl", hash = "sha256:07e8cfb1dd7669a129f8fd5df1da65efa73aea77582bde2a3a837412e2863543", size = 515538 },
    { url = "https://files.pythonhosted.org/packages/96/ea/6c7d34a0545ef449288c37607b5483f1a16f49f8dc723aed4013f01ea30f/yarl-1.11.0-cp312-cp312-musllinux_1_2_x86_64.whl", hash = "sha256:3c458483711d393dad51340505c3fab3194748fd06bab311d2f8b5b7a7349e9a", size = 500875 },
    { url = "https://files.pythonhosted.org/packages/2d/8a/46785cee3bc1937c590c7176f140402b8eb8095c4b0bfb1fd46de47d70c7/yarl-1.11.0-cp312-cp312-win32.whl", hash = "sha256:5b008c3127382503e7a1e12b4c3a3236e3dd833a4c62a066f4a0fbd650c655d2", size = 100726 },
    { url = "https://files.pythonhosted.org/packages/b8/e6/f32b225643ee97b78809b7d55880fa69c834be47d3b19211dbd4dde223b6/yarl-1.11.0-cp312-cp312-win_amd64.whl", hash = "sha256:bc94be7472b9f88d7441340534a3ecae05c86ccfec7ba75ce5b6e4778b2bfc6e", size = 110098 },
    { url = "https://files.pythonhosted.org/packages/09/9c/b7d0f71112d2a8de7ea37a4e411364adfcbf679e7e8bd68a0cbf626e1021/yarl-1.11.0-cp313-cp313-macosx_10_13_universal2.whl", hash = "sha256:a45e51ba3777031e0b20c1e7ab59114ed4e1884b3c1db48962c1d8d08aefb418", size = 184656 },
    { url = "https://files.pythonhosted.org/packages/8d/7f/a9add68784a938e578bd691203329cea2967fcf00c412a6ec00f3d9393aa/yarl-1.11.0-cp313-cp313-macosx_10_13_x86_64.whl", hash = "sha256:765128029218eade3a01187cdd7f375977cc827505ed31828196c8ae9b622928", size = 112659 },
    { url = "https://files.pythonhosted.org/packages/d2/ce/13b5bdd1187e1deae9efec2d64cecacb5287657fb570fc47da11d316f1a8/yarl-1.11.0-cp313-cp313-macosx_11_0_arm64.whl", hash = "sha256:2516e238daf0339c8ac4dfab9d7cda9afad652ff073517f200d653d5d8371f7e", size = 110556 },
    { url = "https://files.pythonhosted.org/packages/73/cb/b27b1be50db78559ad9e1a871fec121a9008d95577480fd7ba491ea6a0ac/yarl-1.11.0-cp313-cp313-manylinux_2_17_aarch64.manylinux2014_aarch64.whl", hash = "sha256:d10be62bee117f05b1ad75a6c2538ca9e5367342dc8a4f3c206c87dadbc1189c", size = 469941 },
    { url = "https://files.pythonhosted.org/packages/85/9b/e969d4fa91b18f81076169efae00b54ad2cb642d24f66b980eded9f7913d/yarl-1.11.0-cp313-cp313-manylinux_2_17_ppc64le.manylinux2014_ppc64le.whl", hash = "sha256:50ceaeda771ee3e382291168c90c7ede62b63ecf3e181024bcfeb35c0ea6c84f", size = 484373 },
    { url = "https://files.pythonhosted.org/packages/1d/88/8500d9dda26f8df114dd78a2230cdd510178c1bf54ac294c9209d666440f/yarl-1.11.0-cp313-cp313-manylinux_2_17_s390x.manylinux2014_s390x.whl", hash = "sha256:3a601c99fc20fd0eea84e7bc0dc9e7f196f55a0ded67242d724988c754295538", size = 485179 },
    { url = "https://files.pythonhosted.org/packages/b3/e5/b0c46b9e55959d6d0918dcf32eb7c0c4e4cd750990830740a91e86a65897/yarl-1.11.0-cp313-cp313-manylinux_2_17_x86_64.manylinux2014_x86_64.whl", hash = "sha256:42ff79371614764fc0a4ab8eaba9adb493bf9ad856e2a4664f6c754fc907a903", size = 477399 },
    { url = "https://files.pythonhosted.org/packages/74/46/fad292dacca81b54cd9e032ea8cd2effab995c5294c0b9f2d5aadc139d43/yarl-1.11.0-cp313-cp313-manylinux_2_5_i686.manylinux1_i686.manylinux_2_17_i686.manylinux2014_i686.whl", hash = "sha256:93fca4c9f88c17ead902b3f3285b2d039fc8f26d117e1441973ba64315109b54", size = 454973 },
    { url = "https://files.pythonhosted.org/packages/50/17/a0b79bf596175691a7b8cf3918e430d386b206d0dec875d9af03103fd82a/yarl-1.11.0-cp313-cp313-musllinux_1_2_aarch64.whl", hash = "sha256:e7dddf5f41395c84fc59e0ed5493b24bfeb39fb04823e880b52c8c55085d4695", size = 473497 },
    { url = "https://files.pythonhosted.org/packages/2d/55/ad4dbf1861d4677b931d9c433940441a3b152d78ee3c2fc256d01a1734b0/yarl-1.11.0-cp313-cp313-musllinux_1_2_i686.whl", hash = "sha256:ea501ea07e14ba6364ff2621bfc8b2381e5b1e10353927fa9a607057fd2b98e5", size = 476002 },
    { url = "https://files.pythonhosted.org/packages/a1/8d/506fd44cfdcd70a88bf4639eede14f38814a0e87fb3525b1adc407c4dacc/yarl-1.11.0-cp313-cp313-musllinux_1_2_ppc64le.whl", hash = "sha256:a4f7e470f2c9c8b8774a5bda72adfb8e9dc4ec32311fe9bdaa4921e36cf6659b", size = 490486 },
    { url = "https://files.pythonhosted.org/packages/e0/8c/618f4f425746d4c1551d488e66c6a9b51e517088871464a6a567506794df/yarl-1.11.0-cp313-cp313-musllinux_1_2_s390x.whl", hash = "sha256:361fdb3993431157302b7104d525092b5df4d7d346df5a5ffeee2d1ca8e0d15b", size = 500692 },
    { url = "https://files.pythonhosted.org/packages/dd/98/370d73e15e56bd825192c90d4c269c6d4b6030eecfe9a11d35aefa3eda28/yarl-1.11.0-cp313-cp313-musllinux_1_2_x86_64.whl", hash = "sha256:e300eaf5e0329ad31b3d53e2f3d26b4b6dff1217207c6ab1d4212967b54b2185", size = 491380 },
    { url = "https://files.pythonhosted.org/packages/81/c0/2c0578852fdc767bced8be44e554cb573e1dc54c6cee5720cfbd40ce4134/yarl-1.11.0-cp313-cp313-win32.whl", hash = "sha256:f1e2d4ce72e06e38a16da3e9c24a0520dbc19018a69ef6ed57b6b38527cb275c", size = 484844 },
    { url = "https://files.pythonhosted.org/packages/7e/a8/9ac6108837df19e46583cde169e20d69c68fbbe26dab8cedae53e41e2c69/yarl-1.11.0-cp313-cp313-win_amd64.whl", hash = "sha256:fa9de2f87be58f714a230bd1f3ef3aad1ed65c9931146e3fc55f85fcbe6bacc3", size = 492185 },
    { url = "https://files.pythonhosted.org/packages/9e/cd/5f5543f865add80a70048e9142105c024b4ccc541f4804fe44c19179549a/yarl-1.11.0-cp39-cp39-macosx_10_9_universal2.whl", hash = "sha256:4ae63bc65e5bf8843bd1eca46e75eaa9eb157e0312fb362123181512892daad8", size = 190773 },
    { url = "https://files.pythonhosted.org/packages/b8/0f/7eb2670eb3d5ed8223fc6d994f6a687dab8507bccc8fda84a57ab2614c2b/yarl-1.11.0-cp39-cp39-macosx_10_9_x86_64.whl", hash = "sha256:3d1bd3262e00043907e0a6d7d4f7b7a4815281acc25699a2384552870c79f1f0", size = 115505 },
    { url = "https://files.pythonhosted.org/packages/86/d5/6a2309edb1bcdb071117135656200a626d7cc498a0f17b39ec059f47a64a/yarl-1.11.0-cp39-cp39-macosx_11_0_arm64.whl", hash = "sha256:0c58656c2e0b41b5d325130b8da4f8e216aad10029e7de5c523a6be25faa9fe8", size = 113439 },
    { url = "https://files.pythonhosted.org/packages/bb/e4/94c15f6074fe4ff8f3493724e3dd8831d6d7c2daafb0057ccae0bf763f01/yarl-1.11.0-cp39-cp39-manylinux_2_17_aarch64.manylinux2014_aarch64.whl", hash = "sha256:9425c333575fce5e0fb414b766492c6ba4aa335ef910a7540dbdefe58a78232e", size = 448773 },
    { url = "https://files.pythonhosted.org/packages/45/a5/e243338045a80f3f053757faee53a8c4b10713842f115edfbd5d54a0ac28/yarl-1.11.0-cp39-cp39-manylinux_2_17_ppc64le.manylinux2014_ppc64le.whl", hash = "sha256:9dc66e2420e1e282105071934883bbb9c37c16901b5b8aa0a8aee370b477eac6", size = 476007 },
    { url = "https://files.pythonhosted.org/packages/83/c9/588cf4d978f0c0c7fbb86e9b7a741f1c8da288f5e6fa0f9f563697610501/yarl-1.11.0-cp39-cp39-manylinux_2_17_s390x.manylinux2014_s390x.whl", hash = "sha256:2949067359d1ef5bf3228c7f1deb102c209832a13df5419239f99449bc1d3fa9", size = 468678 },
    { url = "https://files.pythonhosted.org/packages/81/a0/b76845a2de08d12a17d0173d47812a68c800f2e20a70dfd4489700f662e3/yarl-1.11.0-cp39-cp39-manylinux_2_17_x86_64.manylinux2014_x86_64.whl", hash = "sha256:c006fe73f851cf20b9986b3b4cc15239795bd5da9c3fda76bb3e043da5bec4ff", size = 453603 },
    { url = "https://files.pythonhosted.org/packages/94/af/e3fa821d998258c9702a77c28f70aa6776499de9b3b1dcbed834d07f0fd0/yarl-1.11.0-cp39-cp39-manylinux_2_5_i686.manylinux1_i686.manylinux_2_17_i686.manylinux2014_i686.whl", hash = "sha256:969ad4ee3892e893471b6572bbf2bbb091f93e7c81de25d6b3a5c0a5126e5ccb", size = 438297 },
    { url = "https://files.pythonhosted.org/packages/f2/f4/bd81d4b2e87cb5af202d88d70f8ca3052c40e0ad133a815e4f3f8a280953/yarl-1.11.0-cp39-cp39-musllinux_1_2_aarch64.whl", hash = "sha256:c9fbe9dc6ee8bfe1af34137e3add6f0e49799dd5467dd6af189d27616879161e", size = 450530 },
    { url = "https://files.pythonhosted.org/packages/c3/8f/bd4e6bcf98d22bbe4a5d116fb98e8dce70a02241fb102144cbfbddf1f785/yarl-1.11.0-cp39-cp39-musllinux_1_2_i686.whl", hash = "sha256:69a45c711fea9b783b592a75f26f6dc59b2e4a923b97bf6eec357566fcb1d922", size = 454067 },
    { url = "https://files.pythonhosted.org/packages/8e/4a/e0159be3b5c8d6037feb04e488538f634c8a3be5ae89834b2c8d856fdfd7/yarl-1.11.0-cp39-cp39-musllinux_1_2_ppc64le.whl", hash = "sha256:1a29b82c42a7791ffe53ee6dfbf29acc61ea7ec05643dcacc50510ed6187b897", size = 479637 },
    { url = "https://files.pythonhosted.org/packages/32/f8/ab88f972c3bb1705bc7a5058f7a84dae6c05465613565ac0fadafd9342c5/yarl-1.11.0-cp39-cp39-musllinux_1_2_s390x.whl", hash = "sha256:ed0c090f00c3fc024f7b0799cab9dd7c419fcd8f1a00634d1f9952bab7e7bfb2", size = 476823 },
    { url = "https://files.pythonhosted.org/packages/17/81/1dd12d610ad0f68b268afa8cf3131217fe9942c73c6e19e72d95168debf7/yarl-1.11.0-cp39-cp39-musllinux_1_2_x86_64.whl", hash = "sha256:31df9d9b3fe6e15decee629fc7976a5fb21eaa39e290f60e57e1d422827194c6", size = 464877 },
    { url = "https://files.pythonhosted.org/packages/01/c0/89670fe53385741d3d69a4c79d74f726fa9a18a1e355b481c8c09375ab70/yarl-1.11.0-cp39-cp39-win32.whl", hash = "sha256:fcb7c36ba8b663a5900e6d40533f0e698ba0f38f744aad5410d4e38129e41a70", size = 101797 },
    { url = "https://files.pythonhosted.org/packages/ce/79/144f71d88594b18b6c8e43d6ee10ef71c754cc1b37340c60aecbe5c217a9/yarl-1.11.0-cp39-cp39-win_amd64.whl", hash = "sha256:c6c0d640bad721834a737e25267fb71d296684ada21ca7d5ad2e63da7b73f1b7", size = 110933 },
    { url = "https://files.pythonhosted.org/packages/f1/37/f3a2f78f3174d0150257dff57b4b81c562ef1648d0eba4acbe333b534317/yarl-1.11.0-py3-none-any.whl", hash = "sha256:03717a6627e55934b2a1d9caf24f299b461a2e8d048a90920f42ad5c20ae1b82", size = 38246 },
]
