# generated by rye
# use `rye lock` or `rye sync` to update this lockfile
#
# last locked with the following flags:
#   pre: false
#   features: ["tools"]
#   all-features: false
#   with-sources: false
#   generate-hashes: false

-e file:.
annotated-types==0.7.0
    # via pydantic
cachetools==5.3.3
    # via google-auth
certifi==2024.2.2
    # via pyproj
    # via requests
charset-normalizer==3.3.2
    # via requests
geojson==3.1.0
    # via labelbox
google-api-core==2.19.0
    # via labelbox
google-auth==2.30.0
    # via google-api-core
googleapis-common-protos==1.63.1
    # via google-api-core
idna==3.7
    # via requests
imagesize==1.4.1
    # via labelbox
importlib-metadata==7.1.0
    # via typeguard
labelbox==3.72.2
    # via labelmods
numpy==1.24.4
    # via labelbox
    # via opencv-python-headless
    # via shapely
opencv-python-headless==4.10.0.82
    # via labelbox
pillow==10.3.0
    # via labelbox
proto-plus==1.23.0
    # via google-api-core
protobuf==4.25.3
    # via google-api-core
    # via googleapis-common-protos
    # via proto-plus
pyasn1==0.6.0
    # via pyasn1-modules
    # via rsa
pyasn1-modules==0.4.0
    # via google-auth
pydantic==2.7.3
    # via labelbox
pydantic-core==2.18.4
    # via pydantic
pygeotile==1.0.6
    # via labelbox
pyproj==3.5.0
    # via labelbox
python-dateutil==2.8.2
    # via labelbox
requests==2.32.2
    # via google-api-core
    # via labelbox
rsa==4.9
    # via google-auth
shapely==2.0.4
    # via labelbox
six==1.16.0
    # via python-dateutil
strenum==0.4.15
    # via labelbox
tqdm==4.66.4
    # via labelbox
typeguard==4.3.0
    # via labelbox
typing-extensions==4.12.1
    # via annotated-types
    # via labelbox
    # via pydantic
    # via pydantic-core
    # via typeguard
urllib3==2.2.1
    # via requests
zipp==3.19.1
    # via importlib-metadata
