# generated by rye
# use `rye lock` or `rye sync` to update this lockfile
#
# last locked with the following flags:
#   pre: false
#   features: []
#   all-features: false
#   with-sources: false
#   generate-hashes: false
#   universal: false

-e file:.
dasbus==1.7
    # via xboxbattery
pycairo==1.26.1
    # via pygobject
pygobject==3.48.2
    # via xboxbattery
pyside6==6.7.2
    # via xboxbattery
pyside6-addons==6.7.2
    # via pyside6
pyside6-essentials==6.7.2
    # via pyside6
    # via pyside6-addons
shiboken6==6.7.2
    # via pyside6
    # via pyside6-addons
    # via pyside6-essentials
