# generated by rye
# use `rye lock` or `rye sync` to update this lockfile
#
# last locked with the following flags:
#   pre: false
#   features: []
#   all-features: false
#   with-sources: false
#   generate-hashes: false
#   universal: false

-e file:.
black==24.8.0
click==8.1.7
    # via black
dasbus==1.7
    # via xboxbattery
isort==5.13.2
mypy-extensions==1.0.0
    # via black
packaging==24.1
    # via black
pathspec==0.12.1
    # via black
platformdirs==4.3.2
    # via black
pycairo==1.26.1
    # via pygobject
pygobject==3.48.2
    # via xboxbattery
pyside6==6.7.2
    # via xboxbattery
pyside6-addons==6.7.2
    # via pyside6
pyside6-essentials==6.7.2
    # via pyside6
    # via pyside6-addons
shiboken6==6.7.2
    # via pyside6
    # via pyside6-addons
    # via pyside6-essentials
